<?xml version="1.0" encoding="utf-8"?>
<Project ToolsVersion="4.0" xmlns="http://schemas.microsoft.com/developer/msbuild/2003">
  <ItemGroup>
    <ClInclude Include="EnumerationsSVG.h" />
    <ClInclude Include="Geometry\Path2D.h">
      <Filter>Geometry</Filter>
    </ClInclude>
    <ClInclude Include="SVGAPI.h" />
    <ClInclude Include="Text\Text2D.h">
      <Filter>Text</Filter>
    </ClInclude>
    <ClInclude Include="Text\Font.h">
      <Filter>Text</Filter>
    </ClInclude>
    <ClInclude Include="Geometry\Rectangle2D.h">
      <Filter>Geometry</Filter>
    </ClInclude>
    <ClInclude Include="Geometry\ControlPoint2D.h">
      <Filter>Geometry</Filter>
    </ClInclude>
    <ClInclude Include="Geometry\Geometry2D.h">
      <Filter>Geometry</Filter>
    </ClInclude>
    <ClInclude Include="Geometry\DrawingPath.h">
      <Filter>Geometry</Filter>
    </ClInclude>
    <ClInclude Include="Interfaces\IRenderable2D.h">
      <Filter>Interfaces</Filter>
    </ClInclude>
    <ClInclude Include="Geometry\Entity2D.h">
      <Filter>Geometry</Filter>
    </ClInclude>
    <ClInclude Include="Geometry\PathStyle.h">
      <Filter>Geometry</Filter>
    </ClInclude>
    <ClInclude Include="Pipelines\RenderStage2D.h">
      <Filter>Pipelines</Filter>
    </ClInclude>
    <ClInclude Include="Scenes\SceneComponent2D.h">
      <Filter>Scenes</Filter>
    </ClInclude>
    <ClInclude Include="Interfaces\IGeometric2D.h">
      <Filter>Interfaces</Filter>
    </ClInclude>
    <ClInclude Include="Geometry\Circle2D.h">
      <Filter>Geometry</Filter>
    </ClInclude>
  </ItemGroup>
  <ItemGroup>
    <Filter Include="Geometry">
      <UniqueIdentifier>{68066e14-99f6-4b78-b2b5-032ca66ebdc9}</UniqueIdentifier>
    </Filter>
    <Filter Include="Text">
      <UniqueIdentifier>{520b9dd3-7589-4cc2-a658-fdad202a8bcd}</UniqueIdentifier>
    </Filter>
    <Filter Include="Interfaces">
      <UniqueIdentifier>{17dd96d9-5532-4dc1-bed6-06d692d6bda1}</UniqueIdentifier>
    </Filter>
    <Filter Include="Pipelines">
      <UniqueIdentifier>{c31e10de-51c0-44e7-8f75-f133619bee20}</UniqueIdentifier>
    </Filter>
    <Filter Include="Scenes">
      <UniqueIdentifier>{fac41111-f6b6-4815-850c-a31082c185fc}</UniqueIdentifier>
    </Filter>
  </ItemGroup>
  <ItemGroup>
    <ClCompile Include="Geometry\Path2D.cpp">
      <Filter>Geometry</Filter>
    </ClCompile>
    <ClCompile Include="Text\Text2D.cpp">
      <Filter>Text</Filter>
    </ClCompile>
    <ClCompile Include="Text\Font.cpp">
      <Filter>Text</Filter>
    </ClCompile>
    <ClCompile Include="Geometry\Rectangle2D.cpp">
      <Filter>Geometry</Filter>
    </ClCompile>
    <ClCompile Include="Geometry\Geometry2D.cpp">
      <Filter>Geometry</Filter>
    </ClCompile>
    <ClCompile Include="Geometry\DrawingPath.cpp">
      <Filter>Geometry</Filter>
    </ClCompile>
    <ClCompile Include="Geometry\Entity2D.cpp">
      <Filter>Geometry</Filter>
    </ClCompile>
    <ClCompile Include="Pipelines\RenderStage2D.cpp">
      <Filter>Pipelines</Filter>
    </ClCompile>
    <ClCompile Include="Scenes\SceneComponent2D.cpp">
      <Filter>Scenes</Filter>
    </ClCompile>
    <ClCompile Include="Geometry\Circle2D.cpp">
      <Filter>Geometry</Filter>
    </ClCompile>
  </ItemGroup>
</Project>