<?xml version="1.0" encoding="utf-8"?>
<Project ToolsVersion="4.0" xmlns="http://schemas.microsoft.com/developer/msbuild/2003">
  <ItemGroup>
    <ClInclude Include="SceneAPI.h" />
    <ClInclude Include="Interfaces\ISceneMessage.h">
      <Filter>Interfaces</Filter>
    </ClInclude>
    <ClInclude Include="Messaging\Message.h">
      <Filter>Messaging</Filter>
    </ClInclude>
    <ClInclude Include="Messaging\VirtualMachine.h">
      <Filter>Messaging</Filter>
    </ClInclude>
  </ItemGroup>
  <ItemGroup>
    <ClCompile Include="Messaging\Message.cpp">
      <Filter>Messaging</Filter>
    </ClCompile>
    <ClCompile Include="Messaging\VirtualMachine.cpp">
      <Filter>Messaging</Filter>
    </ClCompile>
  </ItemGroup>
  <ItemGroup>
    <Filter Include="Interfaces">
      <UniqueIdentifier>{9e4c6e01-9ed1-4ea6-9085-49ae24d90cc3}</UniqueIdentifier>
    </Filter>
    <Filter Include="Messaging">
      <UniqueIdentifier>{22a20438-fe87-4834-a47b-9143c53c16a1}</UniqueIdentifier>
    </Filter>
  </ItemGroup>
</Project>