<?xml version="1.0" encoding="utf-8"?>
<Project ToolsVersion="4.0" xmlns="http://schemas.microsoft.com/developer/msbuild/2003">
  <ItemGroup>
    <ClCompile Include="Utilities.cpp" />
    <ClCompile Include="Math\Matrix4x4.cpp">
      <Filter>Math</Filter>
    </ClCompile>
    <ClCompile Include="Math\Vector2.cpp">
      <Filter>Math</Filter>
    </ClCompile>
    <ClCompile Include="Math\Vector3.cpp">
      <Filter>Math</Filter>
    </ClCompile>
    <ClCompile Include="Math\Vector4.cpp">
      <Filter>Math</Filter>
    </ClCompile>
    <ClCompile Include="Spatial\Area.cpp">
      <Filter>Spatial</Filter>
    </ClCompile>
    <ClCompile Include="Spatial\Transform.cpp">
      <Filter>Spatial</Filter>
    </ClCompile>
    <ClCompile Include="Spatial\Volume.cpp">
      <Filter>Spatial</Filter>
    </ClCompile>
    <ClCompile Include="Spatial\Border.cpp">
      <Filter>Spatial</Filter>
    </ClCompile>
    <ClCompile Include="Imaging\Bitmap.cpp">
      <Filter>Imaging</Filter>
    </ClCompile>
    <ClCompile Include="Imaging\Color4.cpp">
      <Filter>Imaging</Filter>
    </ClCompile>
    <ClCompile Include="Collections\Vector.h">
      <Filter>Collections</Filter>
    </ClCompile>
    <ClCompile Include="Spatial\Camera.cpp">
      <Filter>Spatial</Filter>
    </ClCompile>
    <ClCompile Include="Imaging\ColorGradient.cpp">
      <Filter>Imaging</Filter>
    </ClCompile>
    <ClCompile Include="IO\Console.cpp">
      <Filter>IO</Filter>
    </ClCompile>
    <ClCompile Include="IO\InputControls.cpp">
      <Filter>IO</Filter>
    </ClCompile>
    <ClCompile Include="Spatial\LineSegment.cpp">
      <Filter>Spatial</Filter>
    </ClCompile>
  </ItemGroup>
  <ItemGroup>
    <ClInclude Include="TypeDefinitions.h" />
    <ClInclude Include="Enumerator.h" />
    <ClInclude Include="Utilities.h" />
    <ClInclude Include="Math\Matrix4x4.h">
      <Filter>Math</Filter>
    </ClInclude>
    <ClInclude Include="Math\Vector2.h">
      <Filter>Math</Filter>
    </ClInclude>
    <ClInclude Include="Math\Vector3.h">
      <Filter>Math</Filter>
    </ClInclude>
    <ClInclude Include="Math\Vector4.h">
      <Filter>Math</Filter>
    </ClInclude>
    <ClInclude Include="Spatial\Area.h">
      <Filter>Spatial</Filter>
    </ClInclude>
    <ClInclude Include="Spatial\Transform.h">
      <Filter>Spatial</Filter>
    </ClInclude>
    <ClInclude Include="Spatial\Volume.h">
      <Filter>Spatial</Filter>
    </ClInclude>
    <ClInclude Include="Spatial\Border.h">
      <Filter>Spatial</Filter>
    </ClInclude>
    <ClInclude Include="UtilitiesAPI.h" />
    <ClInclude Include="Imaging\Bitmap.h">
      <Filter>Imaging</Filter>
    </ClInclude>
    <ClInclude Include="Imaging\Color4.h">
      <Filter>Imaging</Filter>
    </ClInclude>
    <ClInclude Include="Math\Constants.h">
      <Filter>Math</Filter>
    </ClInclude>
    <ClInclude Include="Collections\List.h">
      <Filter>Collections</Filter>
    </ClInclude>
    <ClInclude Include="Interfaces\IArray.h">
      <Filter>Interfaces</Filter>
    </ClInclude>
    <ClInclude Include="Interfaces\ICollection.h">
      <Filter>Interfaces</Filter>
    </ClInclude>
    <ClInclude Include="Spatial\Camera.h">
      <Filter>Spatial</Filter>
    </ClInclude>
    <ClInclude Include="Interfaces\IReportable.h">
      <Filter>Interfaces</Filter>
    </ClInclude>
    <ClInclude Include="Collections\Octree.h">
      <Filter>Collections</Filter>
    </ClInclude>
    <ClInclude Include="Collections\Quadtree.h">
      <Filter>Collections</Filter>
    </ClInclude>
    <ClInclude Include="Interfaces\IDataBuffer.h">
      <Filter>Interfaces</Filter>
    </ClInclude>
    <ClInclude Include="Interfaces\IUpdatable.h">
      <Filter>Interfaces</Filter>
    </ClInclude>
    <ClInclude Include="Imaging\ColorGradient.h">
      <Filter>Imaging</Filter>
    </ClInclude>
    <ClInclude Include="Collections\BST.h">
      <Filter>Collections</Filter>
    </ClInclude>
    <ClInclude Include="Collections\Registry.h">
      <Filter>Collections</Filter>
    </ClInclude>
    <ClInclude Include="Collections\Set.h">
      <Filter>Collections</Filter>
    </ClInclude>
    <ClInclude Include="Interfaces\ISpatialTransform.h">
      <Filter>Interfaces</Filter>
    </ClInclude>
    <ClInclude Include="Interfaces\ICallback.h">
      <Filter>Interfaces</Filter>
    </ClInclude>
    <ClInclude Include="Collections\Stack.h">
      <Filter>Collections</Filter>
    </ClInclude>
    <ClInclude Include="Collections\Multiset.h">
      <Filter>Collections</Filter>
    </ClInclude>
    <ClInclude Include="IO\Console.h">
      <Filter>IO</Filter>
    </ClInclude>
    <ClInclude Include="IO\Event.h">
      <Filter>IO</Filter>
    </ClInclude>
    <ClInclude Include="IO\Functions.h">
      <Filter>IO</Filter>
    </ClInclude>
    <ClInclude Include="IO\InputControls.h">
      <Filter>IO</Filter>
    </ClInclude>
    <ClInclude Include="Collections\String.h">
      <Filter>Collections</Filter>
    </ClInclude>
    <ClInclude Include="Collections\ArrayList.h">
      <Filter>Collections</Filter>
    </ClInclude>
    <ClInclude Include="Collections\Array.h">
      <Filter>Collections</Filter>
    </ClInclude>
    <ClInclude Include="Meta\Array.h">
      <Filter>Meta</Filter>
    </ClInclude>
    <ClInclude Include="Meta\Class.h">
      <Filter>Meta</Filter>
    </ClInclude>
    <ClInclude Include="Meta\Function.h">
      <Filter>Meta</Filter>
    </ClInclude>
    <ClInclude Include="Meta\List.h">
      <Filter>Meta</Filter>
    </ClInclude>
    <ClInclude Include="Meta\Primitives.h">
      <Filter>Meta</Filter>
    </ClInclude>
    <ClInclude Include="Meta\Utilities.h">
      <Filter>Meta</Filter>
    </ClInclude>
    <ClInclude Include="Collections\Specializations\NumericArray.h">
      <Filter>Collections\Specializations</Filter>
    </ClInclude>
    <ClInclude Include="Collections\Specializations\DynamicArray.h">
      <Filter>Collections\Specializations</Filter>
    </ClInclude>
    <ClInclude Include="Math\Math.h">
      <Filter>Math</Filter>
    </ClInclude>
    <ClInclude Include="Interfaces\ITransformable3D.h">
      <Filter>Interfaces</Filter>
    </ClInclude>
    <ClInclude Include="Spatial\LineSegment.h">
      <Filter>Spatial</Filter>
    </ClInclude>
    <ClInclude Include="IO\Members.h">
      <Filter>IO</Filter>
    </ClInclude>
    <ClInclude Include="IO\Specializations\Accessors.h">
      <Filter>IO\Specializations</Filter>
    </ClInclude>
    <ClInclude Include="IO\Property.h">
      <Filter>IO</Filter>
    </ClInclude>
    <ClInclude Include="Spatial\Triangle3D.h">
      <Filter>Spatial</Filter>
    </ClInclude>
    <ClInclude Include="Collections\Specializations\Matrix.h">
      <Filter>Collections\Specializations</Filter>
    </ClInclude>
  </ItemGroup>
  <ItemGroup>
    <Filter Include="Math">
      <UniqueIdentifier>{8a94b916-3bd5-4013-9d49-4fbadecdac5d}</UniqueIdentifier>
    </Filter>
    <Filter Include="Spatial">
      <UniqueIdentifier>{61950b6c-22c3-4f0e-9c72-718f897013ee}</UniqueIdentifier>
    </Filter>
    <Filter Include="Imaging">
      <UniqueIdentifier>{c5b540af-3b59-42a4-b4dd-1ff5bd10e248}</UniqueIdentifier>
    </Filter>
    <Filter Include="Collections">
      <UniqueIdentifier>{4baf36b5-4277-4b9f-9c29-59a848c1ed40}</UniqueIdentifier>
    </Filter>
    <Filter Include="Interfaces">
      <UniqueIdentifier>{8a4aedec-f288-455c-b549-f4f4a2c89b28}</UniqueIdentifier>
    </Filter>
    <Filter Include="IO">
      <UniqueIdentifier>{d17670c7-deae-471a-843c-ab1707925ff7}</UniqueIdentifier>
    </Filter>
    <Filter Include="Collections\Specializations">
      <UniqueIdentifier>{da8d03a3-00ca-419e-b2de-f38838c8e4fa}</UniqueIdentifier>
    </Filter>
    <Filter Include="Meta">
      <UniqueIdentifier>{e95f5526-e8ed-4197-a672-3e9fe37a95df}</UniqueIdentifier>
    </Filter>
    <Filter Include="IO\Specializations">
      <UniqueIdentifier>{74eeebdb-e9fd-49c5-ae93-d1c70d59b52e}</UniqueIdentifier>
    </Filter>
  </ItemGroup>
</Project>