<?xml version="1.0" encoding="utf-8"?>
<Project ToolsVersion="4.0" xmlns="http://schemas.microsoft.com/developer/msbuild/2003">
  <ItemGroup>
    <ClCompile Include="Main.cpp" />
    <ClCompile Include="Color4.cpp">
      <Filter>Utilities\Imaging</Filter>
    </ClCompile>
    <ClCompile Include="Bitmap.cpp">
      <Filter>Utilities\Imaging</Filter>
    </ClCompile>
    <ClCompile Include="Array.cpp">
      <Filter>Utilities\Math</Filter>
    </ClCompile>
    <ClCompile Include="Vector2.cpp">
      <Filter>Utilities\Math</Filter>
    </ClCompile>
    <ClCompile Include="Vector3.cpp">
      <Filter>Utilities\Math</Filter>
    </ClCompile>
    <ClCompile Include="Matrix4x4.cpp">
      <Filter>Utilities\Math</Filter>
    </ClCompile>
    <ClCompile Include="Event.cpp">
      <Filter>Utilities</Filter>
    </ClCompile>
    <ClCompile Include="Transform.cpp">
      <Filter>Utilities\Spatial</Filter>
    </ClCompile>
    <ClCompile Include="Area.cpp">
      <Filter>Utilities\Spatial</Filter>
    </ClCompile>
    <ClCompile Include="Enumerator.cpp">
      <Filter>Utilities</Filter>
    </ClCompile>
    <ClCompile Include="Utilities.cpp">
      <Filter>Utilities</Filter>
    </ClCompile>
    <ClCompile Include="Vertex.cpp">
      <Filter>OpenGL\Geometry</Filter>
    </ClCompile>
    <ClCompile Include="Geometry.cpp">
      <Filter>OpenGL\Geometry</Filter>
    </ClCompile>
  </ItemGroup>
  <ItemGroup>
    <Filter Include="Utilities">
      <UniqueIdentifier>{f9e8b9e1-b0e9-4482-bb14-d853859c3d9d}</UniqueIdentifier>
    </Filter>
    <Filter Include="Utilities\Imaging">
      <UniqueIdentifier>{21e3d29a-770e-4629-9dc2-0beda982ef93}</UniqueIdentifier>
    </Filter>
    <Filter Include="Utilities\Math">
      <UniqueIdentifier>{bb931cc1-19c6-46a2-a920-4c5a0b2c8915}</UniqueIdentifier>
    </Filter>
    <Filter Include="Platform">
      <UniqueIdentifier>{8682127e-f8e2-430f-86ef-37a4cc9d99f0}</UniqueIdentifier>
    </Filter>
    <Filter Include="Utilities\Spatial">
      <UniqueIdentifier>{f7bce296-ebd2-40ab-b384-cd57384330fc}</UniqueIdentifier>
    </Filter>
    <Filter Include="OpenGL">
      <UniqueIdentifier>{904bfe6f-3b64-4138-8c4e-420beb601ef3}</UniqueIdentifier>
    </Filter>
    <Filter Include="OpenGL\Geometry">
      <UniqueIdentifier>{b7637202-8841-4397-9165-5d534bbcba71}</UniqueIdentifier>
    </Filter>
  </ItemGroup>
</Project>