<?xml version="1.0" encoding="utf-8"?>
<Project ToolsVersion="4.0" xmlns="http://schemas.microsoft.com/developer/msbuild/2003">
  <ItemGroup>
    <ClInclude Include="Window3D.h" />
    <ClInclude Include="Windows\WGL.h">
      <Filter>Windows</Filter>
    </ClInclude>
    <ClInclude Include="PlatformAPI.h" />
    <ClInclude Include="CGL.h" />
    <ClInclude Include="GPU.h" />
    <ClInclude Include="GraphicsSettings.h" />
    <ClInclude Include="NVPR.h" />
  </ItemGroup>
  <ItemGroup>
    <Filter Include="Windows">
      <UniqueIdentifier>{051d679b-c49b-4460-80be-9ccd990be058}</UniqueIdentifier>
    </Filter>
  </ItemGroup>
  <ItemGroup>
    <ClCompile Include="Windows\Window3D.cpp">
      <Filter>Windows</Filter>
    </ClCompile>
    <ClCompile Include="Windows\WGL.c">
      <Filter>Windows</Filter>
    </ClCompile>
    <ClCompile Include="CGL.cpp" />
    <ClCompile Include="Windows\GPU.cpp">
      <Filter>Windows</Filter>
    </ClCompile>
    <ClCompile Include="NVPR.c" />
  </ItemGroup>
</Project>