<?xml version="1.0" encoding="utf-8"?>
<Project ToolsVersion="4.0" xmlns="http://schemas.microsoft.com/developer/msbuild/2003">
  <ItemGroup>
    <ClInclude Include="BasicRenderer.h" />
    <ClInclude Include="RendererAPI.h" />
    <ClInclude Include="AdvancedRenderer.h" />
  </ItemGroup>
  <ItemGroup>
    <ClCompile Include="BasicRenderer.cpp" />
    <ClCompile Include="AdvancedRenderer.cpp" />
  </ItemGroup>
  <ItemGroup>
    <Filter Include="Shaders">
      <UniqueIdentifier>{4bfbc03e-2ca5-472b-85b1-a545ec788ec9}</UniqueIdentifier>
    </Filter>
  </ItemGroup>
  <ItemGroup>
    <None Include="Shaders\Default.hsl">
      <Filter>Shaders</Filter>
    </None>
    <None Include="Shaders\Default.psl">
      <Filter>Shaders</Filter>
    </None>
    <None Include="Shaders\Default.vsl">
      <Filter>Shaders</Filter>
    </None>
    <None Include="Shaders\Depth.psl">
      <Filter>Shaders</Filter>
    </None>
    <None Include="Shaders\BlinnPhong.psl">
      <Filter>Shaders</Filter>
    </None>
    <None Include="Shaders\Lighting.hsl">
      <Filter>Shaders</Filter>
    </None>
    <None Include="Shaders\SVG.psl">
      <Filter>Shaders</Filter>
    </None>
    <None Include="Shaders\BlinnPhong.vsl">
      <Filter>Shaders</Filter>
    </None>
    <None Include="Shaders\BlitMS.vsl">
      <Filter>Shaders</Filter>
    </None>
    <None Include="Shaders\BlitMS.psl">
      <Filter>Shaders</Filter>
    </None>
  </ItemGroup>
</Project>