<?xml version="1.0" encoding="utf-8"?>
<Project ToolsVersion="4.0" xmlns="http://schemas.microsoft.com/developer/msbuild/2003">
  <ItemGroup>
    <Filter Include="Components">
      <UniqueIdentifier>{60b15fd9-e842-48e7-91c1-480927f4a2a7}</UniqueIdentifier>
    </Filter>
    <Filter Include="Resources">
      <UniqueIdentifier>{a63e4500-ede2-4150-9026-490734047328}</UniqueIdentifier>
    </Filter>
  </ItemGroup>
  <ItemGroup>
    <ClCompile Include="Components\SceneComponent3D.cpp">
      <Filter>Components</Filter>
    </ClCompile>
    <ClCompile Include="Components\Main.cpp" />
    <ClCompile Include="Resources\ResourceManager.cpp">
      <Filter>Resources</Filter>
    </ClCompile>
  </ItemGroup>
</Project>