
Microsoft Visual Studio Solution File, Format Version 12.00
# Visual Studio 14
VisualStudioVersion = 14.0.25420.1
MinimumVisualStudioVersion = 10.0.40219.1
Project("{8BC9CEB8-8B4A-11D0-8D11-00A0C91BC942}") = "BasicTriangle", "BasicTriangle\BasicTriangle.vcxproj", "{CD3E9940-0111-4A19-AC59-415DE0503620}"
	ProjectSection(ProjectDependencies) = postProject
		{0E5C9560-1ACC-4FF7-B6A9-AFC6E48B98F7} = {0E5C9560-1ACC-4FF7-B6A9-AFC6E48B98F7}
	EndProjectSection
EndProject
Project("{8BC9CEB8-8B4A-11D0-8D11-00A0C91BC942}") = "Renderers", "Renderers\Renderers.vcxproj", "{0E5C9560-1ACC-4FF7-B6A9-AFC6E48B98F7}"
EndProject
Project("{8BC9CEB8-8B4A-11D0-8D11-00A0C91BC942}") = "BasicPoint", "BasicPoint\BasicPoint.vcxproj", "{95FB594E-165A-4CE5-BBDE-02CB7A2AC36A}"
EndProject
Project("{8BC9CEB8-8B4A-11D0-8D11-00A0C91BC942}") = "RotatingCube", "RotatingCube\RotatingCube.vcxproj", "{8239AE3C-59FC-4C3B-A55A-662BD0C73D81}"
EndProject
Project("{8BC9CEB8-8B4A-11D0-8D11-00A0C91BC942}") = "RotatingIcosahedron", "RotatingIcosahedron\RotatingIcosahedron.vcxproj", "{2B7A9000-AEC5-4FD6-8F9C-A02C3C156A63}"
EndProject
Project("{8BC9CEB8-8B4A-11D0-8D11-00A0C91BC942}") = "IndexedCube", "IndexedCube\IndexedCube.vcxproj", "{CE6A6063-1B5F-48F9-9F0F-C7AFE50E5B25}"
EndProject
Project("{8BC9CEB8-8B4A-11D0-8D11-00A0C91BC942}") = "MixedTopologies", "MixedTopologies\MixedTopologies.vcxproj", "{7C64132F-E44C-4ECE-AE5D-8C886EE03F18}"
EndProject
Project("{8BC9CEB8-8B4A-11D0-8D11-00A0C91BC942}") = "BasicSphere", "BasicSphere\BasicSphere.vcxproj", "{BF4F1269-FC02-4560-B6A4-724E05D3A81D}"
EndProject
Project("{8BC9CEB8-8B4A-11D0-8D11-00A0C91BC942}") = "BasicLine", "BasicLine\BasicLine.vcxproj", "{49727D33-6A72-490A-ABAE-5ECE28C6EC77}"
EndProject
Project("{8BC9CEB8-8B4A-11D0-8D11-00A0C91BC942}") = "ExtensionSupport", "ExtensionSupport\ExtensionSupport.vcxproj", "{AFAFD929-E2BB-4873-A3F3-DC290A6CC44C}"
EndProject
Project("{8BC9CEB8-8B4A-11D0-8D11-00A0C91BC942}") = "BasicPath", "BasicPath\BasicPath.vcxproj", "{E3F81730-B4AA-4250-99CD-D7C8925BD1F4}"
EndProject
Project("{8BC9CEB8-8B4A-11D0-8D11-00A0C91BC942}") = "BasicText", "BasicText\BasicText.vcxproj", "{5611568D-1BB2-4EAD-BE0D-CC2A8244AA39}"
EndProject
Project("{8BC9CEB8-8B4A-11D0-8D11-00A0C91BC942}") = "BasicRoundedRectangle", "BasicRoundedRectangle\BasicRoundedRectangle.vcxproj", "{066CC6A1-5078-468C-B20A-7212E7D26199}"
EndProject
Project("{8BC9CEB8-8B4A-11D0-8D11-00A0C91BC942}") = "PointerTracking", "PointerTracking\PointerTracking.vcxproj", "{E98E29DA-1A92-4FFF-8FB8-2F6D10615E28}"
EndProject
Project("{8BC9CEB8-8B4A-11D0-8D11-00A0C91BC942}") = "NavigableScene", "NavigableScene\NavigableScene.vcxproj", "{A6183C6C-5B00-4784-9DB4-C20B5400F2A4}"
EndProject
Project("{8BC9CEB8-8B4A-11D0-8D11-00A0C91BC942}") = "MixedGraphics", "MixedGraphics\MixedGraphics.vcxproj", "{FF04EB6B-0F01-47B6-B6B5-60111D96EB4B}"
EndProject
Project("{8BC9CEB8-8B4A-11D0-8D11-00A0C91BC942}") = "Diagram3D", "Diagram3D\Diagram3D.vcxproj", "{1DBE21A2-CB87-48F5-91FD-134D3AB38268}"
EndProject
Global
	GlobalSection(SolutionConfigurationPlatforms) = preSolution
		Debug|x64 = Debug|x64
		Debug|x86 = Debug|x86
		Release|x64 = Release|x64
		Release|x86 = Release|x86
	EndGlobalSection
	GlobalSection(ProjectConfigurationPlatforms) = postSolution
		{CD3E9940-0111-4A19-AC59-415DE0503620}.Debug|x64.ActiveCfg = Debug|x64
		{CD3E9940-0111-4A19-AC59-415DE0503620}.Debug|x64.Build.0 = Debug|x64
		{CD3E9940-0111-4A19-AC59-415DE0503620}.Debug|x86.ActiveCfg = Debug|Win32
		{CD3E9940-0111-4A19-AC59-415DE0503620}.Debug|x86.Build.0 = Debug|Win32
		{CD3E9940-0111-4A19-AC59-415DE0503620}.Release|x64.ActiveCfg = Release|x64
		{CD3E9940-0111-4A19-AC59-415DE0503620}.Release|x64.Build.0 = Release|x64
		{CD3E9940-0111-4A19-AC59-415DE0503620}.Release|x86.ActiveCfg = Release|Win32
		{CD3E9940-0111-4A19-AC59-415DE0503620}.Release|x86.Build.0 = Release|Win32
		{0E5C9560-1ACC-4FF7-B6A9-AFC6E48B98F7}.Debug|x64.ActiveCfg = Debug|x64
		{0E5C9560-1ACC-4FF7-B6A9-AFC6E48B98F7}.Debug|x64.Build.0 = Debug|x64
		{0E5C9560-1ACC-4FF7-B6A9-AFC6E48B98F7}.Debug|x86.ActiveCfg = Debug|Win32
		{0E5C9560-1ACC-4FF7-B6A9-AFC6E48B98F7}.Debug|x86.Build.0 = Debug|Win32
		{0E5C9560-1ACC-4FF7-B6A9-AFC6E48B98F7}.Release|x64.ActiveCfg = Release|x64
		{0E5C9560-1ACC-4FF7-B6A9-AFC6E48B98F7}.Release|x64.Build.0 = Release|x64
		{0E5C9560-1ACC-4FF7-B6A9-AFC6E48B98F7}.Release|x86.ActiveCfg = Release|Win32
		{0E5C9560-1ACC-4FF7-B6A9-AFC6E48B98F7}.Release|x86.Build.0 = Release|Win32
		{95FB594E-165A-4CE5-BBDE-02CB7A2AC36A}.Debug|x64.ActiveCfg = Debug|x64
		{95FB594E-165A-4CE5-BBDE-02CB7A2AC36A}.Debug|x64.Build.0 = Debug|x64
		{95FB594E-165A-4CE5-BBDE-02CB7A2AC36A}.Debug|x86.ActiveCfg = Debug|Win32
		{95FB594E-165A-4CE5-BBDE-02CB7A2AC36A}.Debug|x86.Build.0 = Debug|Win32
		{95FB594E-165A-4CE5-BBDE-02CB7A2AC36A}.Release|x64.ActiveCfg = Release|x64
		{95FB594E-165A-4CE5-BBDE-02CB7A2AC36A}.Release|x64.Build.0 = Release|x64
		{95FB594E-165A-4CE5-BBDE-02CB7A2AC36A}.Release|x86.ActiveCfg = Release|Win32
		{95FB594E-165A-4CE5-BBDE-02CB7A2AC36A}.Release|x86.Build.0 = Release|Win32
		{8239AE3C-59FC-4C3B-A55A-662BD0C73D81}.Debug|x64.ActiveCfg = Debug|x64
		{8239AE3C-59FC-4C3B-A55A-662BD0C73D81}.Debug|x64.Build.0 = Debug|x64
		{8239AE3C-59FC-4C3B-A55A-662BD0C73D81}.Debug|x86.ActiveCfg = Debug|Win32
		{8239AE3C-59FC-4C3B-A55A-662BD0C73D81}.Debug|x86.Build.0 = Debug|Win32
		{8239AE3C-59FC-4C3B-A55A-662BD0C73D81}.Release|x64.ActiveCfg = Release|x64
		{8239AE3C-59FC-4C3B-A55A-662BD0C73D81}.Release|x64.Build.0 = Release|x64
		{8239AE3C-59FC-4C3B-A55A-662BD0C73D81}.Release|x86.ActiveCfg = Release|Win32
		{8239AE3C-59FC-4C3B-A55A-662BD0C73D81}.Release|x86.Build.0 = Release|Win32
		{2B7A9000-AEC5-4FD6-8F9C-A02C3C156A63}.Debug|x64.ActiveCfg = Debug|x64
		{2B7A9000-AEC5-4FD6-8F9C-A02C3C156A63}.Debug|x64.Build.0 = Debug|x64
		{2B7A9000-AEC5-4FD6-8F9C-A02C3C156A63}.Debug|x86.ActiveCfg = Debug|Win32
		{2B7A9000-AEC5-4FD6-8F9C-A02C3C156A63}.Debug|x86.Build.0 = Debug|Win32
		{2B7A9000-AEC5-4FD6-8F9C-A02C3C156A63}.Release|x64.ActiveCfg = Release|x64
		{2B7A9000-AEC5-4FD6-8F9C-A02C3C156A63}.Release|x64.Build.0 = Release|x64
		{2B7A9000-AEC5-4FD6-8F9C-A02C3C156A63}.Release|x86.ActiveCfg = Release|Win32
		{2B7A9000-AEC5-4FD6-8F9C-A02C3C156A63}.Release|x86.Build.0 = Release|Win32
		{CE6A6063-1B5F-48F9-9F0F-C7AFE50E5B25}.Debug|x64.ActiveCfg = Debug|x64
		{CE6A6063-1B5F-48F9-9F0F-C7AFE50E5B25}.Debug|x64.Build.0 = Debug|x64
		{CE6A6063-1B5F-48F9-9F0F-C7AFE50E5B25}.Debug|x86.ActiveCfg = Debug|Win32
		{CE6A6063-1B5F-48F9-9F0F-C7AFE50E5B25}.Debug|x86.Build.0 = Debug|Win32
		{CE6A6063-1B5F-48F9-9F0F-C7AFE50E5B25}.Release|x64.ActiveCfg = Release|x64
		{CE6A6063-1B5F-48F9-9F0F-C7AFE50E5B25}.Release|x64.Build.0 = Release|x64
		{CE6A6063-1B5F-48F9-9F0F-C7AFE50E5B25}.Release|x86.ActiveCfg = Release|Win32
		{CE6A6063-1B5F-48F9-9F0F-C7AFE50E5B25}.Release|x86.Build.0 = Release|Win32
		{7C64132F-E44C-4ECE-AE5D-8C886EE03F18}.Debug|x64.ActiveCfg = Debug|x64
		{7C64132F-E44C-4ECE-AE5D-8C886EE03F18}.Debug|x64.Build.0 = Debug|x64
		{7C64132F-E44C-4ECE-AE5D-8C886EE03F18}.Debug|x86.ActiveCfg = Debug|Win32
		{7C64132F-E44C-4ECE-AE5D-8C886EE03F18}.Debug|x86.Build.0 = Debug|Win32
		{7C64132F-E44C-4ECE-AE5D-8C886EE03F18}.Release|x64.ActiveCfg = Release|x64
		{7C64132F-E44C-4ECE-AE5D-8C886EE03F18}.Release|x64.Build.0 = Release|x64
		{7C64132F-E44C-4ECE-AE5D-8C886EE03F18}.Release|x86.ActiveCfg = Release|Win32
		{7C64132F-E44C-4ECE-AE5D-8C886EE03F18}.Release|x86.Build.0 = Release|Win32
		{BF4F1269-FC02-4560-B6A4-724E05D3A81D}.Debug|x64.ActiveCfg = Debug|x64
		{BF4F1269-FC02-4560-B6A4-724E05D3A81D}.Debug|x64.Build.0 = Debug|x64
		{BF4F1269-FC02-4560-B6A4-724E05D3A81D}.Debug|x86.ActiveCfg = Debug|Win32
		{BF4F1269-FC02-4560-B6A4-724E05D3A81D}.Debug|x86.Build.0 = Debug|Win32
		{BF4F1269-FC02-4560-B6A4-724E05D3A81D}.Release|x64.ActiveCfg = Release|x64
		{BF4F1269-FC02-4560-B6A4-724E05D3A81D}.Release|x64.Build.0 = Release|x64
		{BF4F1269-FC02-4560-B6A4-724E05D3A81D}.Release|x86.ActiveCfg = Release|Win32
		{BF4F1269-FC02-4560-B6A4-724E05D3A81D}.Release|x86.Build.0 = Release|Win32
		{49727D33-6A72-490A-ABAE-5ECE28C6EC77}.Debug|x64.ActiveCfg = Debug|x64
		{49727D33-6A72-490A-ABAE-5ECE28C6EC77}.Debug|x64.Build.0 = Debug|x64
		{49727D33-6A72-490A-ABAE-5ECE28C6EC77}.Debug|x86.ActiveCfg = Debug|Win32
		{49727D33-6A72-490A-ABAE-5ECE28C6EC77}.Debug|x86.Build.0 = Debug|Win32
		{49727D33-6A72-490A-ABAE-5ECE28C6EC77}.Release|x64.ActiveCfg = Release|x64
		{49727D33-6A72-490A-ABAE-5ECE28C6EC77}.Release|x64.Build.0 = Release|x64
		{49727D33-6A72-490A-ABAE-5ECE28C6EC77}.Release|x86.ActiveCfg = Release|Win32
		{49727D33-6A72-490A-ABAE-5ECE28C6EC77}.Release|x86.Build.0 = Release|Win32
		{AFAFD929-E2BB-4873-A3F3-DC290A6CC44C}.Debug|x64.ActiveCfg = Debug|x64
		{AFAFD929-E2BB-4873-A3F3-DC290A6CC44C}.Debug|x64.Build.0 = Debug|x64
		{AFAFD929-E2BB-4873-A3F3-DC290A6CC44C}.Debug|x86.ActiveCfg = Debug|Win32
		{AFAFD929-E2BB-4873-A3F3-DC290A6CC44C}.Debug|x86.Build.0 = Debug|Win32
		{AFAFD929-E2BB-4873-A3F3-DC290A6CC44C}.Release|x64.ActiveCfg = Release|x64
		{AFAFD929-E2BB-4873-A3F3-DC290A6CC44C}.Release|x64.Build.0 = Release|x64
		{AFAFD929-E2BB-4873-A3F3-DC290A6CC44C}.Release|x86.ActiveCfg = Release|Win32
		{AFAFD929-E2BB-4873-A3F3-DC290A6CC44C}.Release|x86.Build.0 = Release|Win32
		{E3F81730-B4AA-4250-99CD-D7C8925BD1F4}.Debug|x64.ActiveCfg = Debug|x64
		{E3F81730-B4AA-4250-99CD-D7C8925BD1F4}.Debug|x64.Build.0 = Debug|x64
		{E3F81730-B4AA-4250-99CD-D7C8925BD1F4}.Debug|x86.ActiveCfg = Debug|Win32
		{E3F81730-B4AA-4250-99CD-D7C8925BD1F4}.Debug|x86.Build.0 = Debug|Win32
		{E3F81730-B4AA-4250-99CD-D7C8925BD1F4}.Release|x64.ActiveCfg = Release|x64
		{E3F81730-B4AA-4250-99CD-D7C8925BD1F4}.Release|x64.Build.0 = Release|x64
		{E3F81730-B4AA-4250-99CD-D7C8925BD1F4}.Release|x86.ActiveCfg = Release|Win32
		{E3F81730-B4AA-4250-99CD-D7C8925BD1F4}.Release|x86.Build.0 = Release|Win32
		{5611568D-1BB2-4EAD-BE0D-CC2A8244AA39}.Debug|x64.ActiveCfg = Debug|x64
		{5611568D-1BB2-4EAD-BE0D-CC2A8244AA39}.Debug|x64.Build.0 = Debug|x64
		{5611568D-1BB2-4EAD-BE0D-CC2A8244AA39}.Debug|x86.ActiveCfg = Debug|Win32
		{5611568D-1BB2-4EAD-BE0D-CC2A8244AA39}.Debug|x86.Build.0 = Debug|Win32
		{5611568D-1BB2-4EAD-BE0D-CC2A8244AA39}.Release|x64.ActiveCfg = Release|x64
		{5611568D-1BB2-4EAD-BE0D-CC2A8244AA39}.Release|x64.Build.0 = Release|x64
		{5611568D-1BB2-4EAD-BE0D-CC2A8244AA39}.Release|x86.ActiveCfg = Release|Win32
		{5611568D-1BB2-4EAD-BE0D-CC2A8244AA39}.Release|x86.Build.0 = Release|Win32
		{066CC6A1-5078-468C-B20A-7212E7D26199}.Debug|x64.ActiveCfg = Debug|x64
		{066CC6A1-5078-468C-B20A-7212E7D26199}.Debug|x64.Build.0 = Debug|x64
		{066CC6A1-5078-468C-B20A-7212E7D26199}.Debug|x86.ActiveCfg = Debug|Win32
		{066CC6A1-5078-468C-B20A-7212E7D26199}.Debug|x86.Build.0 = Debug|Win32
		{066CC6A1-5078-468C-B20A-7212E7D26199}.Release|x64.ActiveCfg = Release|x64
		{066CC6A1-5078-468C-B20A-7212E7D26199}.Release|x64.Build.0 = Release|x64
		{066CC6A1-5078-468C-B20A-7212E7D26199}.Release|x86.ActiveCfg = Release|Win32
		{066CC6A1-5078-468C-B20A-7212E7D26199}.Release|x86.Build.0 = Release|Win32
		{E98E29DA-1A92-4FFF-8FB8-2F6D10615E28}.Debug|x64.ActiveCfg = Debug|x64
		{E98E29DA-1A92-4FFF-8FB8-2F6D10615E28}.Debug|x64.Build.0 = Debug|x64
		{E98E29DA-1A92-4FFF-8FB8-2F6D10615E28}.Debug|x86.ActiveCfg = Debug|Win32
		{E98E29DA-1A92-4FFF-8FB8-2F6D10615E28}.Debug|x86.Build.0 = Debug|Win32
		{E98E29DA-1A92-4FFF-8FB8-2F6D10615E28}.Release|x64.ActiveCfg = Release|x64
		{E98E29DA-1A92-4FFF-8FB8-2F6D10615E28}.Release|x64.Build.0 = Release|x64
		{E98E29DA-1A92-4FFF-8FB8-2F6D10615E28}.Release|x86.ActiveCfg = Release|Win32
		{E98E29DA-1A92-4FFF-8FB8-2F6D10615E28}.Release|x86.Build.0 = Release|Win32
		{A6183C6C-5B00-4784-9DB4-C20B5400F2A4}.Debug|x64.ActiveCfg = Debug|x64
		{A6183C6C-5B00-4784-9DB4-C20B5400F2A4}.Debug|x64.Build.0 = Debug|x64
		{A6183C6C-5B00-4784-9DB4-C20B5400F2A4}.Debug|x86.ActiveCfg = Debug|Win32
		{A6183C6C-5B00-4784-9DB4-C20B5400F2A4}.Debug|x86.Build.0 = Debug|Win32
		{A6183C6C-5B00-4784-9DB4-C20B5400F2A4}.Release|x64.ActiveCfg = Release|x64
		{A6183C6C-5B00-4784-9DB4-C20B5400F2A4}.Release|x64.Build.0 = Release|x64
		{A6183C6C-5B00-4784-9DB4-C20B5400F2A4}.Release|x86.ActiveCfg = Release|Win32
		{A6183C6C-5B00-4784-9DB4-C20B5400F2A4}.Release|x86.Build.0 = Release|Win32
		{FF04EB6B-0F01-47B6-B6B5-60111D96EB4B}.Debug|x64.ActiveCfg = Debug|x64
		{FF04EB6B-0F01-47B6-B6B5-60111D96EB4B}.Debug|x64.Build.0 = Debug|x64
		{FF04EB6B-0F01-47B6-B6B5-60111D96EB4B}.Debug|x86.ActiveCfg = Debug|Win32
		{FF04EB6B-0F01-47B6-B6B5-60111D96EB4B}.Debug|x86.Build.0 = Debug|Win32
		{FF04EB6B-0F01-47B6-B6B5-60111D96EB4B}.Release|x64.ActiveCfg = Release|x64
		{FF04EB6B-0F01-47B6-B6B5-60111D96EB4B}.Release|x64.Build.0 = Release|x64
		{FF04EB6B-0F01-47B6-B6B5-60111D96EB4B}.Release|x86.ActiveCfg = Release|Win32
		{FF04EB6B-0F01-47B6-B6B5-60111D96EB4B}.Release|x86.Build.0 = Release|Win32
		{1DBE21A2-CB87-48F5-91FD-134D3AB38268}.Debug|x64.ActiveCfg = Debug|x64
		{1DBE21A2-CB87-48F5-91FD-134D3AB38268}.Debug|x64.Build.0 = Debug|x64
		{1DBE21A2-CB87-48F5-91FD-134D3AB38268}.Debug|x86.ActiveCfg = Debug|Win32
		{1DBE21A2-CB87-48F5-91FD-134D3AB38268}.Debug|x86.Build.0 = Debug|Win32
		{1DBE21A2-CB87-48F5-91FD-134D3AB38268}.Release|x64.ActiveCfg = Release|x64
		{1DBE21A2-CB87-48F5-91FD-134D3AB38268}.Release|x64.Build.0 = Release|x64
		{1DBE21A2-CB87-48F5-91FD-134D3AB38268}.Release|x86.ActiveCfg = Release|Win32
		{1DBE21A2-CB87-48F5-91FD-134D3AB38268}.Release|x86.Build.0 = Release|Win32
	EndGlobalSection
	GlobalSection(SolutionProperties) = preSolution
		HideSolutionNode = FALSE
	EndGlobalSection
EndGlobal
