
Microsoft Visual Studio Solution File, Format Version 12.00
# Visual Studio 14
VisualStudioVersion = 14.0.25420.1
MinimumVisualStudioVersion = 10.0.40219.1
Project("{8BC9CEB8-8B4A-11D0-8D11-00A0C91BC942}") = "Renderers", "Renderers\Renderers.vcxproj", "{0E5C9560-1ACC-4FF7-B6A9-AFC6E48B98F7}"
EndProject
Project("{8BC9CEB8-8B4A-11D0-8D11-00A0C91BC942}") = "ExtensionSupport", "ExtensionSupport\ExtensionSupport.vcxproj", "{AFAFD929-E2BB-4873-A3F3-DC290A6CC44C}"
EndProject
Project("{8BC9CEB8-8B4A-11D0-8D11-00A0C91BC942}") = "BasicPath", "BasicPath\BasicPath.vcxproj", "{E3F81730-B4AA-4250-99CD-D7C8925BD1F4}"
EndProject
Project("{8BC9CEB8-8B4A-11D0-8D11-00A0C91BC942}") = "BasicText", "BasicText\BasicText.vcxproj", "{5611568D-1BB2-4EAD-BE0D-CC2A8244AA39}"
EndProject
Project("{8BC9CEB8-8B4A-11D0-8D11-00A0C91BC942}") = "BasicRoundedRectangle", "BasicRoundedRectangle\BasicRoundedRectangle.vcxproj", "{066CC6A1-5078-468C-B20A-7212E7D26199}"
EndProject
Project("{8BC9CEB8-8B4A-11D0-8D11-00A0C91BC942}") = "PointerTracking", "PointerTracking\PointerTracking.vcxproj", "{E98E29DA-1A92-4FFF-8FB8-2F6D10615E28}"
EndProject
Project("{8BC9CEB8-8B4A-11D0-8D11-00A0C91BC942}") = "MixedGraphics", "MixedGraphics\MixedGraphics.vcxproj", "{FF04EB6B-0F01-47B6-B6B5-60111D96EB4B}"
EndProject
Project("{8BC9CEB8-8B4A-11D0-8D11-00A0C91BC942}") = "Diagram3D", "Diagram3D\Diagram3D.vcxproj", "{1DBE21A2-CB87-48F5-91FD-134D3AB38268}"
EndProject
Project("{8BC9CEB8-8B4A-11D0-8D11-00A0C91BC942}") = "DrawingSVG", "DrawingSVG\DrawingSVG.vcxproj", "{B41B6BB9-DA86-4040-803B-B762CBF86600}"
EndProject
Project("{8BC9CEB8-8B4A-11D0-8D11-00A0C91BC942}") = "SVG3D", "SVG3D\SVG3D.vcxproj", "{935FE3EB-4518-4F18-A10D-2AA7F3CFC997}"
EndProject
Project("{8BC9CEB8-8B4A-11D0-8D11-00A0C91BC942}") = "Picking2D", "Picking2D\Picking2D.vcxproj", "{FE374673-81E6-42ED-ADE0-09A89BB551AF}"
EndProject
Project("{8BC9CEB8-8B4A-11D0-8D11-00A0C91BC942}") = "UI - Basic Button", "UI\UI.vcxproj", "{5A14A582-134E-4E85-BCD9-B83F3D8CA471}"
EndProject
Project("{8BC9CEB8-8B4A-11D0-8D11-00A0C91BC942}") = "UI - Basic Panel", "UI - Basic Panel\UI - Basic Panel.vcxproj", "{17B3D0C9-2B48-4466-9123-7584C470DE37}"
EndProject
Project("{8BC9CEB8-8B4A-11D0-8D11-00A0C91BC942}") = "3D - Gradient Textures", "3D - Gradient Textures\3D - Gradient Textures.vcxproj", "{C25CDBBF-111B-435C-8A12-1340F8402454}"
EndProject
Project("{8BC9CEB8-8B4A-11D0-8D11-00A0C91BC942}") = "3D - Navigable Scene", "3D - Navigable Scene\3D - Navigable Scene.vcxproj", "{A6183C6C-5B00-4784-9DB4-C20B5400F2A4}"
EndProject
Project("{8BC9CEB8-8B4A-11D0-8D11-00A0C91BC942}") = "3D - Basic Line", "3D - Basic Line\3D - Basic Line.vcxproj", "{49727D33-6A72-490A-ABAE-5ECE28C6EC77}"
EndProject
Project("{8BC9CEB8-8B4A-11D0-8D11-00A0C91BC942}") = "3D - Basic Point", "3D - Basic Point\3D - Basic Point.vcxproj", "{95FB594E-165A-4CE5-BBDE-02CB7A2AC36A}"
EndProject
Project("{8BC9CEB8-8B4A-11D0-8D11-00A0C91BC942}") = "3D - Basic Triangle", "3D - Basic Triangle\3D - Basic Triangle.vcxproj", "{CD3E9940-0111-4A19-AC59-415DE0503620}"
EndProject
Project("{8BC9CEB8-8B4A-11D0-8D11-00A0C91BC942}") = "3D - Basic Sphere", "3D - Basic Sphere\3D - Basic Sphere.vcxproj", "{BF4F1269-FC02-4560-B6A4-724E05D3A81D}"
EndProject
Project("{8BC9CEB8-8B4A-11D0-8D11-00A0C91BC942}") = "3D - Image Display", "3D - Image Display\3D - Image Display.vcxproj", "{254F3EE5-F2BB-48BE-8082-3E77F2F91DEE}"
EndProject
Project("{8BC9CEB8-8B4A-11D0-8D11-00A0C91BC942}") = "3D - Indexed Cube", "3D - Indexed Cube\3D - Indexed Cube.vcxproj", "{CE6A6063-1B5F-48F9-9F0F-C7AFE50E5B25}"
EndProject
Project("{8BC9CEB8-8B4A-11D0-8D11-00A0C91BC942}") = "3D - Basic Cube", "3D - Basic Cube\3D - Basic Cube.vcxproj", "{8239AE3C-59FC-4C3B-A55A-662BD0C73D81}"
EndProject
Project("{8BC9CEB8-8B4A-11D0-8D11-00A0C91BC942}") = "3D - Basic Icosahedron", "3D - Basic Icosahedron\3D - Basic Icosahedron.vcxproj", "{2B7A9000-AEC5-4FD6-8F9C-A02C3C156A63}"
EndProject
Project("{8BC9CEB8-8B4A-11D0-8D11-00A0C91BC942}") = "3D - Particles", "3D - Particles\3D - Particles.vcxproj", "{9A9F9588-2D71-4A6A-8FE7-9CB1EB991144}"
EndProject
Global
	GlobalSection(SolutionConfigurationPlatforms) = preSolution
		Debug|x64 = Debug|x64
		Debug|x86 = Debug|x86
		Release|x64 = Release|x64
		Release|x86 = Release|x86
		Universal|x64 = Universal|x64
		Universal|x86 = Universal|x86
		UniversalDebug|x64 = UniversalDebug|x64
		UniversalDebug|x86 = UniversalDebug|x86
	EndGlobalSection
	GlobalSection(ProjectConfigurationPlatforms) = postSolution
		{0E5C9560-1ACC-4FF7-B6A9-AFC6E48B98F7}.Debug|x64.ActiveCfg = Debug|x64
		{0E5C9560-1ACC-4FF7-B6A9-AFC6E48B98F7}.Debug|x64.Build.0 = Debug|x64
		{0E5C9560-1ACC-4FF7-B6A9-AFC6E48B98F7}.Debug|x86.ActiveCfg = Debug|Win32
		{0E5C9560-1ACC-4FF7-B6A9-AFC6E48B98F7}.Debug|x86.Build.0 = Debug|Win32
		{0E5C9560-1ACC-4FF7-B6A9-AFC6E48B98F7}.Release|x64.ActiveCfg = Release|x64
		{0E5C9560-1ACC-4FF7-B6A9-AFC6E48B98F7}.Release|x64.Build.0 = Release|x64
		{0E5C9560-1ACC-4FF7-B6A9-AFC6E48B98F7}.Release|x86.ActiveCfg = Release|Win32
		{0E5C9560-1ACC-4FF7-B6A9-AFC6E48B98F7}.Release|x86.Build.0 = Release|Win32
		{0E5C9560-1ACC-4FF7-B6A9-AFC6E48B98F7}.Universal|x64.ActiveCfg = Release|x64
		{0E5C9560-1ACC-4FF7-B6A9-AFC6E48B98F7}.Universal|x64.Build.0 = Release|x64
		{0E5C9560-1ACC-4FF7-B6A9-AFC6E48B98F7}.Universal|x86.ActiveCfg = Release|Win32
		{0E5C9560-1ACC-4FF7-B6A9-AFC6E48B98F7}.Universal|x86.Build.0 = Release|Win32
		{0E5C9560-1ACC-4FF7-B6A9-AFC6E48B98F7}.UniversalDebug|x64.ActiveCfg = Debug|x64
		{0E5C9560-1ACC-4FF7-B6A9-AFC6E48B98F7}.UniversalDebug|x64.Build.0 = Debug|x64
		{0E5C9560-1ACC-4FF7-B6A9-AFC6E48B98F7}.UniversalDebug|x86.ActiveCfg = Debug|Win32
		{0E5C9560-1ACC-4FF7-B6A9-AFC6E48B98F7}.UniversalDebug|x86.Build.0 = Debug|Win32
		{AFAFD929-E2BB-4873-A3F3-DC290A6CC44C}.Debug|x64.ActiveCfg = Debug|x64
		{AFAFD929-E2BB-4873-A3F3-DC290A6CC44C}.Debug|x64.Build.0 = Debug|x64
		{AFAFD929-E2BB-4873-A3F3-DC290A6CC44C}.Debug|x86.ActiveCfg = Debug|Win32
		{AFAFD929-E2BB-4873-A3F3-DC290A6CC44C}.Debug|x86.Build.0 = Debug|Win32
		{AFAFD929-E2BB-4873-A3F3-DC290A6CC44C}.Release|x64.ActiveCfg = Release|x64
		{AFAFD929-E2BB-4873-A3F3-DC290A6CC44C}.Release|x64.Build.0 = Release|x64
		{AFAFD929-E2BB-4873-A3F3-DC290A6CC44C}.Release|x86.ActiveCfg = Release|Win32
		{AFAFD929-E2BB-4873-A3F3-DC290A6CC44C}.Release|x86.Build.0 = Release|Win32
		{AFAFD929-E2BB-4873-A3F3-DC290A6CC44C}.Universal|x64.ActiveCfg = Release|x64
		{AFAFD929-E2BB-4873-A3F3-DC290A6CC44C}.Universal|x64.Build.0 = Release|x64
		{AFAFD929-E2BB-4873-A3F3-DC290A6CC44C}.Universal|x86.ActiveCfg = Release|Win32
		{AFAFD929-E2BB-4873-A3F3-DC290A6CC44C}.Universal|x86.Build.0 = Release|Win32
		{AFAFD929-E2BB-4873-A3F3-DC290A6CC44C}.UniversalDebug|x64.ActiveCfg = Debug|x64
		{AFAFD929-E2BB-4873-A3F3-DC290A6CC44C}.UniversalDebug|x64.Build.0 = Debug|x64
		{AFAFD929-E2BB-4873-A3F3-DC290A6CC44C}.UniversalDebug|x86.ActiveCfg = Debug|Win32
		{AFAFD929-E2BB-4873-A3F3-DC290A6CC44C}.UniversalDebug|x86.Build.0 = Debug|Win32
		{E3F81730-B4AA-4250-99CD-D7C8925BD1F4}.Debug|x64.ActiveCfg = Debug|x64
		{E3F81730-B4AA-4250-99CD-D7C8925BD1F4}.Debug|x64.Build.0 = Debug|x64
		{E3F81730-B4AA-4250-99CD-D7C8925BD1F4}.Debug|x86.ActiveCfg = Debug|Win32
		{E3F81730-B4AA-4250-99CD-D7C8925BD1F4}.Debug|x86.Build.0 = Debug|Win32
		{E3F81730-B4AA-4250-99CD-D7C8925BD1F4}.Release|x64.ActiveCfg = Release|x64
		{E3F81730-B4AA-4250-99CD-D7C8925BD1F4}.Release|x64.Build.0 = Release|x64
		{E3F81730-B4AA-4250-99CD-D7C8925BD1F4}.Release|x86.ActiveCfg = Release|Win32
		{E3F81730-B4AA-4250-99CD-D7C8925BD1F4}.Release|x86.Build.0 = Release|Win32
		{E3F81730-B4AA-4250-99CD-D7C8925BD1F4}.Universal|x64.ActiveCfg = Release|x64
		{E3F81730-B4AA-4250-99CD-D7C8925BD1F4}.Universal|x64.Build.0 = Release|x64
		{E3F81730-B4AA-4250-99CD-D7C8925BD1F4}.Universal|x86.ActiveCfg = Release|Win32
		{E3F81730-B4AA-4250-99CD-D7C8925BD1F4}.Universal|x86.Build.0 = Release|Win32
		{E3F81730-B4AA-4250-99CD-D7C8925BD1F4}.UniversalDebug|x64.ActiveCfg = Debug|x64
		{E3F81730-B4AA-4250-99CD-D7C8925BD1F4}.UniversalDebug|x64.Build.0 = Debug|x64
		{E3F81730-B4AA-4250-99CD-D7C8925BD1F4}.UniversalDebug|x86.ActiveCfg = Debug|Win32
		{E3F81730-B4AA-4250-99CD-D7C8925BD1F4}.UniversalDebug|x86.Build.0 = Debug|Win32
		{5611568D-1BB2-4EAD-BE0D-CC2A8244AA39}.Debug|x64.ActiveCfg = Debug|x64
		{5611568D-1BB2-4EAD-BE0D-CC2A8244AA39}.Debug|x64.Build.0 = Debug|x64
		{5611568D-1BB2-4EAD-BE0D-CC2A8244AA39}.Debug|x86.ActiveCfg = Debug|Win32
		{5611568D-1BB2-4EAD-BE0D-CC2A8244AA39}.Debug|x86.Build.0 = Debug|Win32
		{5611568D-1BB2-4EAD-BE0D-CC2A8244AA39}.Release|x64.ActiveCfg = Release|x64
		{5611568D-1BB2-4EAD-BE0D-CC2A8244AA39}.Release|x64.Build.0 = Release|x64
		{5611568D-1BB2-4EAD-BE0D-CC2A8244AA39}.Release|x86.ActiveCfg = Release|Win32
		{5611568D-1BB2-4EAD-BE0D-CC2A8244AA39}.Release|x86.Build.0 = Release|Win32
		{5611568D-1BB2-4EAD-BE0D-CC2A8244AA39}.Universal|x64.ActiveCfg = Release|x64
		{5611568D-1BB2-4EAD-BE0D-CC2A8244AA39}.Universal|x64.Build.0 = Release|x64
		{5611568D-1BB2-4EAD-BE0D-CC2A8244AA39}.Universal|x86.ActiveCfg = Release|Win32
		{5611568D-1BB2-4EAD-BE0D-CC2A8244AA39}.Universal|x86.Build.0 = Release|Win32
		{5611568D-1BB2-4EAD-BE0D-CC2A8244AA39}.UniversalDebug|x64.ActiveCfg = Debug|x64
		{5611568D-1BB2-4EAD-BE0D-CC2A8244AA39}.UniversalDebug|x64.Build.0 = Debug|x64
		{5611568D-1BB2-4EAD-BE0D-CC2A8244AA39}.UniversalDebug|x86.ActiveCfg = Debug|Win32
		{5611568D-1BB2-4EAD-BE0D-CC2A8244AA39}.UniversalDebug|x86.Build.0 = Debug|Win32
		{066CC6A1-5078-468C-B20A-7212E7D26199}.Debug|x64.ActiveCfg = Debug|x64
		{066CC6A1-5078-468C-B20A-7212E7D26199}.Debug|x64.Build.0 = Debug|x64
		{066CC6A1-5078-468C-B20A-7212E7D26199}.Debug|x86.ActiveCfg = Debug|Win32
		{066CC6A1-5078-468C-B20A-7212E7D26199}.Debug|x86.Build.0 = Debug|Win32
		{066CC6A1-5078-468C-B20A-7212E7D26199}.Release|x64.ActiveCfg = Release|x64
		{066CC6A1-5078-468C-B20A-7212E7D26199}.Release|x64.Build.0 = Release|x64
		{066CC6A1-5078-468C-B20A-7212E7D26199}.Release|x86.ActiveCfg = Release|Win32
		{066CC6A1-5078-468C-B20A-7212E7D26199}.Release|x86.Build.0 = Release|Win32
		{066CC6A1-5078-468C-B20A-7212E7D26199}.Universal|x64.ActiveCfg = Release|x64
		{066CC6A1-5078-468C-B20A-7212E7D26199}.Universal|x64.Build.0 = Release|x64
		{066CC6A1-5078-468C-B20A-7212E7D26199}.Universal|x86.ActiveCfg = Release|Win32
		{066CC6A1-5078-468C-B20A-7212E7D26199}.Universal|x86.Build.0 = Release|Win32
		{066CC6A1-5078-468C-B20A-7212E7D26199}.UniversalDebug|x64.ActiveCfg = Debug|x64
		{066CC6A1-5078-468C-B20A-7212E7D26199}.UniversalDebug|x64.Build.0 = Debug|x64
		{066CC6A1-5078-468C-B20A-7212E7D26199}.UniversalDebug|x86.ActiveCfg = Debug|Win32
		{066CC6A1-5078-468C-B20A-7212E7D26199}.UniversalDebug|x86.Build.0 = Debug|Win32
		{E98E29DA-1A92-4FFF-8FB8-2F6D10615E28}.Debug|x64.ActiveCfg = Debug|x64
		{E98E29DA-1A92-4FFF-8FB8-2F6D10615E28}.Debug|x64.Build.0 = Debug|x64
		{E98E29DA-1A92-4FFF-8FB8-2F6D10615E28}.Debug|x86.ActiveCfg = Debug|Win32
		{E98E29DA-1A92-4FFF-8FB8-2F6D10615E28}.Debug|x86.Build.0 = Debug|Win32
		{E98E29DA-1A92-4FFF-8FB8-2F6D10615E28}.Release|x64.ActiveCfg = Release|x64
		{E98E29DA-1A92-4FFF-8FB8-2F6D10615E28}.Release|x64.Build.0 = Release|x64
		{E98E29DA-1A92-4FFF-8FB8-2F6D10615E28}.Release|x86.ActiveCfg = Release|Win32
		{E98E29DA-1A92-4FFF-8FB8-2F6D10615E28}.Release|x86.Build.0 = Release|Win32
		{E98E29DA-1A92-4FFF-8FB8-2F6D10615E28}.Universal|x64.ActiveCfg = Release|x64
		{E98E29DA-1A92-4FFF-8FB8-2F6D10615E28}.Universal|x64.Build.0 = Release|x64
		{E98E29DA-1A92-4FFF-8FB8-2F6D10615E28}.Universal|x86.ActiveCfg = Release|Win32
		{E98E29DA-1A92-4FFF-8FB8-2F6D10615E28}.Universal|x86.Build.0 = Release|Win32
		{E98E29DA-1A92-4FFF-8FB8-2F6D10615E28}.UniversalDebug|x64.ActiveCfg = Debug|x64
		{E98E29DA-1A92-4FFF-8FB8-2F6D10615E28}.UniversalDebug|x64.Build.0 = Debug|x64
		{E98E29DA-1A92-4FFF-8FB8-2F6D10615E28}.UniversalDebug|x86.ActiveCfg = Debug|Win32
		{E98E29DA-1A92-4FFF-8FB8-2F6D10615E28}.UniversalDebug|x86.Build.0 = Debug|Win32
		{FF04EB6B-0F01-47B6-B6B5-60111D96EB4B}.Debug|x64.ActiveCfg = Debug|x64
		{FF04EB6B-0F01-47B6-B6B5-60111D96EB4B}.Debug|x64.Build.0 = Debug|x64
		{FF04EB6B-0F01-47B6-B6B5-60111D96EB4B}.Debug|x86.ActiveCfg = Debug|Win32
		{FF04EB6B-0F01-47B6-B6B5-60111D96EB4B}.Debug|x86.Build.0 = Debug|Win32
		{FF04EB6B-0F01-47B6-B6B5-60111D96EB4B}.Release|x64.ActiveCfg = Release|x64
		{FF04EB6B-0F01-47B6-B6B5-60111D96EB4B}.Release|x64.Build.0 = Release|x64
		{FF04EB6B-0F01-47B6-B6B5-60111D96EB4B}.Release|x86.ActiveCfg = Release|Win32
		{FF04EB6B-0F01-47B6-B6B5-60111D96EB4B}.Release|x86.Build.0 = Release|Win32
		{FF04EB6B-0F01-47B6-B6B5-60111D96EB4B}.Universal|x64.ActiveCfg = Release|x64
		{FF04EB6B-0F01-47B6-B6B5-60111D96EB4B}.Universal|x64.Build.0 = Release|x64
		{FF04EB6B-0F01-47B6-B6B5-60111D96EB4B}.Universal|x86.ActiveCfg = Release|Win32
		{FF04EB6B-0F01-47B6-B6B5-60111D96EB4B}.Universal|x86.Build.0 = Release|Win32
		{FF04EB6B-0F01-47B6-B6B5-60111D96EB4B}.UniversalDebug|x64.ActiveCfg = Debug|x64
		{FF04EB6B-0F01-47B6-B6B5-60111D96EB4B}.UniversalDebug|x64.Build.0 = Debug|x64
		{FF04EB6B-0F01-47B6-B6B5-60111D96EB4B}.UniversalDebug|x86.ActiveCfg = Debug|Win32
		{FF04EB6B-0F01-47B6-B6B5-60111D96EB4B}.UniversalDebug|x86.Build.0 = Debug|Win32
		{1DBE21A2-CB87-48F5-91FD-134D3AB38268}.Debug|x64.ActiveCfg = Debug|x64
		{1DBE21A2-CB87-48F5-91FD-134D3AB38268}.Debug|x64.Build.0 = Debug|x64
		{1DBE21A2-CB87-48F5-91FD-134D3AB38268}.Debug|x86.ActiveCfg = Debug|Win32
		{1DBE21A2-CB87-48F5-91FD-134D3AB38268}.Debug|x86.Build.0 = Debug|Win32
		{1DBE21A2-CB87-48F5-91FD-134D3AB38268}.Release|x64.ActiveCfg = Release|x64
		{1DBE21A2-CB87-48F5-91FD-134D3AB38268}.Release|x64.Build.0 = Release|x64
		{1DBE21A2-CB87-48F5-91FD-134D3AB38268}.Release|x86.ActiveCfg = Release|Win32
		{1DBE21A2-CB87-48F5-91FD-134D3AB38268}.Release|x86.Build.0 = Release|Win32
		{1DBE21A2-CB87-48F5-91FD-134D3AB38268}.Universal|x64.ActiveCfg = Release|x64
		{1DBE21A2-CB87-48F5-91FD-134D3AB38268}.Universal|x64.Build.0 = Release|x64
		{1DBE21A2-CB87-48F5-91FD-134D3AB38268}.Universal|x86.ActiveCfg = Release|Win32
		{1DBE21A2-CB87-48F5-91FD-134D3AB38268}.Universal|x86.Build.0 = Release|Win32
		{1DBE21A2-CB87-48F5-91FD-134D3AB38268}.UniversalDebug|x64.ActiveCfg = Debug|x64
		{1DBE21A2-CB87-48F5-91FD-134D3AB38268}.UniversalDebug|x64.Build.0 = Debug|x64
		{1DBE21A2-CB87-48F5-91FD-134D3AB38268}.UniversalDebug|x86.ActiveCfg = Debug|Win32
		{1DBE21A2-CB87-48F5-91FD-134D3AB38268}.UniversalDebug|x86.Build.0 = Debug|Win32
		{B41B6BB9-DA86-4040-803B-B762CBF86600}.Debug|x64.ActiveCfg = Debug|x64
		{B41B6BB9-DA86-4040-803B-B762CBF86600}.Debug|x64.Build.0 = Debug|x64
		{B41B6BB9-DA86-4040-803B-B762CBF86600}.Debug|x86.ActiveCfg = Debug|Win32
		{B41B6BB9-DA86-4040-803B-B762CBF86600}.Debug|x86.Build.0 = Debug|Win32
		{B41B6BB9-DA86-4040-803B-B762CBF86600}.Release|x64.ActiveCfg = Release|x64
		{B41B6BB9-DA86-4040-803B-B762CBF86600}.Release|x64.Build.0 = Release|x64
		{B41B6BB9-DA86-4040-803B-B762CBF86600}.Release|x86.ActiveCfg = Release|Win32
		{B41B6BB9-DA86-4040-803B-B762CBF86600}.Release|x86.Build.0 = Release|Win32
		{B41B6BB9-DA86-4040-803B-B762CBF86600}.Universal|x64.ActiveCfg = Release|x64
		{B41B6BB9-DA86-4040-803B-B762CBF86600}.Universal|x64.Build.0 = Release|x64
		{B41B6BB9-DA86-4040-803B-B762CBF86600}.Universal|x86.ActiveCfg = Release|Win32
		{B41B6BB9-DA86-4040-803B-B762CBF86600}.Universal|x86.Build.0 = Release|Win32
		{B41B6BB9-DA86-4040-803B-B762CBF86600}.UniversalDebug|x64.ActiveCfg = Debug|x64
		{B41B6BB9-DA86-4040-803B-B762CBF86600}.UniversalDebug|x64.Build.0 = Debug|x64
		{B41B6BB9-DA86-4040-803B-B762CBF86600}.UniversalDebug|x86.ActiveCfg = Debug|Win32
		{B41B6BB9-DA86-4040-803B-B762CBF86600}.UniversalDebug|x86.Build.0 = Debug|Win32
		{935FE3EB-4518-4F18-A10D-2AA7F3CFC997}.Debug|x64.ActiveCfg = Debug|x64
		{935FE3EB-4518-4F18-A10D-2AA7F3CFC997}.Debug|x64.Build.0 = Debug|x64
		{935FE3EB-4518-4F18-A10D-2AA7F3CFC997}.Debug|x86.ActiveCfg = Debug|Win32
		{935FE3EB-4518-4F18-A10D-2AA7F3CFC997}.Debug|x86.Build.0 = Debug|Win32
		{935FE3EB-4518-4F18-A10D-2AA7F3CFC997}.Release|x64.ActiveCfg = Release|x64
		{935FE3EB-4518-4F18-A10D-2AA7F3CFC997}.Release|x64.Build.0 = Release|x64
		{935FE3EB-4518-4F18-A10D-2AA7F3CFC997}.Release|x86.ActiveCfg = Release|Win32
		{935FE3EB-4518-4F18-A10D-2AA7F3CFC997}.Release|x86.Build.0 = Release|Win32
		{935FE3EB-4518-4F18-A10D-2AA7F3CFC997}.Universal|x64.ActiveCfg = Release|x64
		{935FE3EB-4518-4F18-A10D-2AA7F3CFC997}.Universal|x64.Build.0 = Release|x64
		{935FE3EB-4518-4F18-A10D-2AA7F3CFC997}.Universal|x86.ActiveCfg = Release|Win32
		{935FE3EB-4518-4F18-A10D-2AA7F3CFC997}.Universal|x86.Build.0 = Release|Win32
		{935FE3EB-4518-4F18-A10D-2AA7F3CFC997}.UniversalDebug|x64.ActiveCfg = Debug|x64
		{935FE3EB-4518-4F18-A10D-2AA7F3CFC997}.UniversalDebug|x64.Build.0 = Debug|x64
		{935FE3EB-4518-4F18-A10D-2AA7F3CFC997}.UniversalDebug|x86.ActiveCfg = Debug|Win32
		{935FE3EB-4518-4F18-A10D-2AA7F3CFC997}.UniversalDebug|x86.Build.0 = Debug|Win32
		{FE374673-81E6-42ED-ADE0-09A89BB551AF}.Debug|x64.ActiveCfg = Debug|x64
		{FE374673-81E6-42ED-ADE0-09A89BB551AF}.Debug|x64.Build.0 = Debug|x64
		{FE374673-81E6-42ED-ADE0-09A89BB551AF}.Debug|x86.ActiveCfg = Debug|Win32
		{FE374673-81E6-42ED-ADE0-09A89BB551AF}.Debug|x86.Build.0 = Debug|Win32
		{FE374673-81E6-42ED-ADE0-09A89BB551AF}.Release|x64.ActiveCfg = Release|x64
		{FE374673-81E6-42ED-ADE0-09A89BB551AF}.Release|x64.Build.0 = Release|x64
		{FE374673-81E6-42ED-ADE0-09A89BB551AF}.Release|x86.ActiveCfg = Release|Win32
		{FE374673-81E6-42ED-ADE0-09A89BB551AF}.Release|x86.Build.0 = Release|Win32
		{FE374673-81E6-42ED-ADE0-09A89BB551AF}.Universal|x64.ActiveCfg = Release|x64
		{FE374673-81E6-42ED-ADE0-09A89BB551AF}.Universal|x64.Build.0 = Release|x64
		{FE374673-81E6-42ED-ADE0-09A89BB551AF}.Universal|x86.ActiveCfg = Release|Win32
		{FE374673-81E6-42ED-ADE0-09A89BB551AF}.Universal|x86.Build.0 = Release|Win32
		{FE374673-81E6-42ED-ADE0-09A89BB551AF}.UniversalDebug|x64.ActiveCfg = Debug|x64
		{FE374673-81E6-42ED-ADE0-09A89BB551AF}.UniversalDebug|x64.Build.0 = Debug|x64
		{FE374673-81E6-42ED-ADE0-09A89BB551AF}.UniversalDebug|x86.ActiveCfg = Debug|Win32
		{FE374673-81E6-42ED-ADE0-09A89BB551AF}.UniversalDebug|x86.Build.0 = Debug|Win32
		{5A14A582-134E-4E85-BCD9-B83F3D8CA471}.Debug|x64.ActiveCfg = Debug|x64
		{5A14A582-134E-4E85-BCD9-B83F3D8CA471}.Debug|x64.Build.0 = Debug|x64
		{5A14A582-134E-4E85-BCD9-B83F3D8CA471}.Debug|x86.ActiveCfg = Debug|Win32
		{5A14A582-134E-4E85-BCD9-B83F3D8CA471}.Debug|x86.Build.0 = Debug|Win32
		{5A14A582-134E-4E85-BCD9-B83F3D8CA471}.Release|x64.ActiveCfg = Release|x64
		{5A14A582-134E-4E85-BCD9-B83F3D8CA471}.Release|x64.Build.0 = Release|x64
		{5A14A582-134E-4E85-BCD9-B83F3D8CA471}.Release|x86.ActiveCfg = Release|Win32
		{5A14A582-134E-4E85-BCD9-B83F3D8CA471}.Release|x86.Build.0 = Release|Win32
		{5A14A582-134E-4E85-BCD9-B83F3D8CA471}.Universal|x64.ActiveCfg = Release|x64
		{5A14A582-134E-4E85-BCD9-B83F3D8CA471}.Universal|x64.Build.0 = Release|x64
		{5A14A582-134E-4E85-BCD9-B83F3D8CA471}.Universal|x86.ActiveCfg = Release|Win32
		{5A14A582-134E-4E85-BCD9-B83F3D8CA471}.Universal|x86.Build.0 = Release|Win32
		{5A14A582-134E-4E85-BCD9-B83F3D8CA471}.UniversalDebug|x64.ActiveCfg = Debug|x64
		{5A14A582-134E-4E85-BCD9-B83F3D8CA471}.UniversalDebug|x64.Build.0 = Debug|x64
		{5A14A582-134E-4E85-BCD9-B83F3D8CA471}.UniversalDebug|x86.ActiveCfg = Debug|Win32
		{5A14A582-134E-4E85-BCD9-B83F3D8CA471}.UniversalDebug|x86.Build.0 = Debug|Win32
		{17B3D0C9-2B48-4466-9123-7584C470DE37}.Debug|x64.ActiveCfg = Debug|x64
		{17B3D0C9-2B48-4466-9123-7584C470DE37}.Debug|x64.Build.0 = Debug|x64
		{17B3D0C9-2B48-4466-9123-7584C470DE37}.Debug|x86.ActiveCfg = Debug|Win32
		{17B3D0C9-2B48-4466-9123-7584C470DE37}.Debug|x86.Build.0 = Debug|Win32
		{17B3D0C9-2B48-4466-9123-7584C470DE37}.Release|x64.ActiveCfg = Release|x64
		{17B3D0C9-2B48-4466-9123-7584C470DE37}.Release|x64.Build.0 = Release|x64
		{17B3D0C9-2B48-4466-9123-7584C470DE37}.Release|x86.ActiveCfg = Release|Win32
		{17B3D0C9-2B48-4466-9123-7584C470DE37}.Release|x86.Build.0 = Release|Win32
		{17B3D0C9-2B48-4466-9123-7584C470DE37}.Universal|x64.ActiveCfg = Release|x64
		{17B3D0C9-2B48-4466-9123-7584C470DE37}.Universal|x64.Build.0 = Release|x64
		{17B3D0C9-2B48-4466-9123-7584C470DE37}.Universal|x86.ActiveCfg = Release|Win32
		{17B3D0C9-2B48-4466-9123-7584C470DE37}.Universal|x86.Build.0 = Release|Win32
		{17B3D0C9-2B48-4466-9123-7584C470DE37}.UniversalDebug|x64.ActiveCfg = Debug|x64
		{17B3D0C9-2B48-4466-9123-7584C470DE37}.UniversalDebug|x64.Build.0 = Debug|x64
		{17B3D0C9-2B48-4466-9123-7584C470DE37}.UniversalDebug|x86.ActiveCfg = Debug|Win32
		{17B3D0C9-2B48-4466-9123-7584C470DE37}.UniversalDebug|x86.Build.0 = Debug|Win32
		{C25CDBBF-111B-435C-8A12-1340F8402454}.Debug|x64.ActiveCfg = Debug|x64
		{C25CDBBF-111B-435C-8A12-1340F8402454}.Debug|x64.Build.0 = Debug|x64
		{C25CDBBF-111B-435C-8A12-1340F8402454}.Debug|x86.ActiveCfg = Debug|Win32
		{C25CDBBF-111B-435C-8A12-1340F8402454}.Debug|x86.Build.0 = Debug|Win32
		{C25CDBBF-111B-435C-8A12-1340F8402454}.Release|x64.ActiveCfg = Release|x64
		{C25CDBBF-111B-435C-8A12-1340F8402454}.Release|x64.Build.0 = Release|x64
		{C25CDBBF-111B-435C-8A12-1340F8402454}.Release|x86.ActiveCfg = Release|Win32
		{C25CDBBF-111B-435C-8A12-1340F8402454}.Release|x86.Build.0 = Release|Win32
		{C25CDBBF-111B-435C-8A12-1340F8402454}.Universal|x64.ActiveCfg = Release|x64
		{C25CDBBF-111B-435C-8A12-1340F8402454}.Universal|x64.Build.0 = Release|x64
		{C25CDBBF-111B-435C-8A12-1340F8402454}.Universal|x86.ActiveCfg = Release|Win32
		{C25CDBBF-111B-435C-8A12-1340F8402454}.Universal|x86.Build.0 = Release|Win32
		{C25CDBBF-111B-435C-8A12-1340F8402454}.UniversalDebug|x64.ActiveCfg = Debug|x64
		{C25CDBBF-111B-435C-8A12-1340F8402454}.UniversalDebug|x64.Build.0 = Debug|x64
		{C25CDBBF-111B-435C-8A12-1340F8402454}.UniversalDebug|x86.ActiveCfg = Debug|Win32
		{C25CDBBF-111B-435C-8A12-1340F8402454}.UniversalDebug|x86.Build.0 = Debug|Win32
		{A6183C6C-5B00-4784-9DB4-C20B5400F2A4}.Debug|x64.ActiveCfg = Debug|x64
		{A6183C6C-5B00-4784-9DB4-C20B5400F2A4}.Debug|x64.Build.0 = Debug|x64
		{A6183C6C-5B00-4784-9DB4-C20B5400F2A4}.Debug|x86.ActiveCfg = Debug|Win32
		{A6183C6C-5B00-4784-9DB4-C20B5400F2A4}.Debug|x86.Build.0 = Debug|Win32
		{A6183C6C-5B00-4784-9DB4-C20B5400F2A4}.Release|x64.ActiveCfg = Release|x64
		{A6183C6C-5B00-4784-9DB4-C20B5400F2A4}.Release|x64.Build.0 = Release|x64
		{A6183C6C-5B00-4784-9DB4-C20B5400F2A4}.Release|x86.ActiveCfg = Release|Win32
		{A6183C6C-5B00-4784-9DB4-C20B5400F2A4}.Release|x86.Build.0 = Release|Win32
		{A6183C6C-5B00-4784-9DB4-C20B5400F2A4}.Universal|x64.ActiveCfg = Release|x64
		{A6183C6C-5B00-4784-9DB4-C20B5400F2A4}.Universal|x64.Build.0 = Release|x64
		{A6183C6C-5B00-4784-9DB4-C20B5400F2A4}.Universal|x86.ActiveCfg = Release|Win32
		{A6183C6C-5B00-4784-9DB4-C20B5400F2A4}.Universal|x86.Build.0 = Release|Win32
		{A6183C6C-5B00-4784-9DB4-C20B5400F2A4}.UniversalDebug|x64.ActiveCfg = Debug|x64
		{A6183C6C-5B00-4784-9DB4-C20B5400F2A4}.UniversalDebug|x64.Build.0 = Debug|x64
		{A6183C6C-5B00-4784-9DB4-C20B5400F2A4}.UniversalDebug|x86.ActiveCfg = Debug|Win32
		{A6183C6C-5B00-4784-9DB4-C20B5400F2A4}.UniversalDebug|x86.Build.0 = Debug|Win32
		{49727D33-6A72-490A-ABAE-5ECE28C6EC77}.Debug|x64.ActiveCfg = Debug|x64
		{49727D33-6A72-490A-ABAE-5ECE28C6EC77}.Debug|x64.Build.0 = Debug|x64
		{49727D33-6A72-490A-ABAE-5ECE28C6EC77}.Debug|x86.ActiveCfg = Debug|Win32
		{49727D33-6A72-490A-ABAE-5ECE28C6EC77}.Debug|x86.Build.0 = Debug|Win32
		{49727D33-6A72-490A-ABAE-5ECE28C6EC77}.Release|x64.ActiveCfg = Release|x64
		{49727D33-6A72-490A-ABAE-5ECE28C6EC77}.Release|x64.Build.0 = Release|x64
		{49727D33-6A72-490A-ABAE-5ECE28C6EC77}.Release|x86.ActiveCfg = Release|Win32
		{49727D33-6A72-490A-ABAE-5ECE28C6EC77}.Release|x86.Build.0 = Release|Win32
		{49727D33-6A72-490A-ABAE-5ECE28C6EC77}.Universal|x64.ActiveCfg = Release|x64
		{49727D33-6A72-490A-ABAE-5ECE28C6EC77}.Universal|x64.Build.0 = Release|x64
		{49727D33-6A72-490A-ABAE-5ECE28C6EC77}.Universal|x86.ActiveCfg = Release|Win32
		{49727D33-6A72-490A-ABAE-5ECE28C6EC77}.Universal|x86.Build.0 = Release|Win32
		{49727D33-6A72-490A-ABAE-5ECE28C6EC77}.UniversalDebug|x64.ActiveCfg = Debug|x64
		{49727D33-6A72-490A-ABAE-5ECE28C6EC77}.UniversalDebug|x64.Build.0 = Debug|x64
		{49727D33-6A72-490A-ABAE-5ECE28C6EC77}.UniversalDebug|x86.ActiveCfg = Debug|Win32
		{49727D33-6A72-490A-ABAE-5ECE28C6EC77}.UniversalDebug|x86.Build.0 = Debug|Win32
		{95FB594E-165A-4CE5-BBDE-02CB7A2AC36A}.Debug|x64.ActiveCfg = Debug|x64
		{95FB594E-165A-4CE5-BBDE-02CB7A2AC36A}.Debug|x64.Build.0 = Debug|x64
		{95FB594E-165A-4CE5-BBDE-02CB7A2AC36A}.Debug|x86.ActiveCfg = Debug|Win32
		{95FB594E-165A-4CE5-BBDE-02CB7A2AC36A}.Debug|x86.Build.0 = Debug|Win32
		{95FB594E-165A-4CE5-BBDE-02CB7A2AC36A}.Release|x64.ActiveCfg = Release|x64
		{95FB594E-165A-4CE5-BBDE-02CB7A2AC36A}.Release|x64.Build.0 = Release|x64
		{95FB594E-165A-4CE5-BBDE-02CB7A2AC36A}.Release|x86.ActiveCfg = Release|Win32
		{95FB594E-165A-4CE5-BBDE-02CB7A2AC36A}.Release|x86.Build.0 = Release|Win32
		{95FB594E-165A-4CE5-BBDE-02CB7A2AC36A}.Universal|x64.ActiveCfg = Release|x64
		{95FB594E-165A-4CE5-BBDE-02CB7A2AC36A}.Universal|x64.Build.0 = Release|x64
		{95FB594E-165A-4CE5-BBDE-02CB7A2AC36A}.Universal|x86.ActiveCfg = Release|Win32
		{95FB594E-165A-4CE5-BBDE-02CB7A2AC36A}.Universal|x86.Build.0 = Release|Win32
		{95FB594E-165A-4CE5-BBDE-02CB7A2AC36A}.UniversalDebug|x64.ActiveCfg = Debug|x64
		{95FB594E-165A-4CE5-BBDE-02CB7A2AC36A}.UniversalDebug|x64.Build.0 = Debug|x64
		{95FB594E-165A-4CE5-BBDE-02CB7A2AC36A}.UniversalDebug|x86.ActiveCfg = Debug|Win32
		{95FB594E-165A-4CE5-BBDE-02CB7A2AC36A}.UniversalDebug|x86.Build.0 = Debug|Win32
		{CD3E9940-0111-4A19-AC59-415DE0503620}.Debug|x64.ActiveCfg = Debug|x64
		{CD3E9940-0111-4A19-AC59-415DE0503620}.Debug|x64.Build.0 = Debug|x64
		{CD3E9940-0111-4A19-AC59-415DE0503620}.Debug|x86.ActiveCfg = Debug|Win32
		{CD3E9940-0111-4A19-AC59-415DE0503620}.Debug|x86.Build.0 = Debug|Win32
		{CD3E9940-0111-4A19-AC59-415DE0503620}.Release|x64.ActiveCfg = Release|x64
		{CD3E9940-0111-4A19-AC59-415DE0503620}.Release|x64.Build.0 = Release|x64
		{CD3E9940-0111-4A19-AC59-415DE0503620}.Release|x86.ActiveCfg = Release|Win32
		{CD3E9940-0111-4A19-AC59-415DE0503620}.Release|x86.Build.0 = Release|Win32
		{CD3E9940-0111-4A19-AC59-415DE0503620}.Universal|x64.ActiveCfg = Universal|x64
		{CD3E9940-0111-4A19-AC59-415DE0503620}.Universal|x64.Build.0 = Universal|x64
		{CD3E9940-0111-4A19-AC59-415DE0503620}.Universal|x86.ActiveCfg = Universal|Win32
		{CD3E9940-0111-4A19-AC59-415DE0503620}.Universal|x86.Build.0 = Universal|Win32
		{CD3E9940-0111-4A19-AC59-415DE0503620}.UniversalDebug|x64.ActiveCfg = UniversalDebug|x64
		{CD3E9940-0111-4A19-AC59-415DE0503620}.UniversalDebug|x64.Build.0 = UniversalDebug|x64
		{CD3E9940-0111-4A19-AC59-415DE0503620}.UniversalDebug|x86.ActiveCfg = UniversalDebug|Win32
		{CD3E9940-0111-4A19-AC59-415DE0503620}.UniversalDebug|x86.Build.0 = UniversalDebug|Win32
		{BF4F1269-FC02-4560-B6A4-724E05D3A81D}.Debug|x64.ActiveCfg = Debug|x64
		{BF4F1269-FC02-4560-B6A4-724E05D3A81D}.Debug|x64.Build.0 = Debug|x64
		{BF4F1269-FC02-4560-B6A4-724E05D3A81D}.Debug|x86.ActiveCfg = Debug|Win32
		{BF4F1269-FC02-4560-B6A4-724E05D3A81D}.Debug|x86.Build.0 = Debug|Win32
		{BF4F1269-FC02-4560-B6A4-724E05D3A81D}.Release|x64.ActiveCfg = Release|x64
		{BF4F1269-FC02-4560-B6A4-724E05D3A81D}.Release|x64.Build.0 = Release|x64
		{BF4F1269-FC02-4560-B6A4-724E05D3A81D}.Release|x86.ActiveCfg = Release|Win32
		{BF4F1269-FC02-4560-B6A4-724E05D3A81D}.Release|x86.Build.0 = Release|Win32
		{BF4F1269-FC02-4560-B6A4-724E05D3A81D}.Universal|x64.ActiveCfg = Release|x64
		{BF4F1269-FC02-4560-B6A4-724E05D3A81D}.Universal|x64.Build.0 = Release|x64
		{BF4F1269-FC02-4560-B6A4-724E05D3A81D}.Universal|x86.ActiveCfg = Release|Win32
		{BF4F1269-FC02-4560-B6A4-724E05D3A81D}.Universal|x86.Build.0 = Release|Win32
		{BF4F1269-FC02-4560-B6A4-724E05D3A81D}.UniversalDebug|x64.ActiveCfg = Debug|x64
		{BF4F1269-FC02-4560-B6A4-724E05D3A81D}.UniversalDebug|x64.Build.0 = Debug|x64
		{BF4F1269-FC02-4560-B6A4-724E05D3A81D}.UniversalDebug|x86.ActiveCfg = Debug|Win32
		{BF4F1269-FC02-4560-B6A4-724E05D3A81D}.UniversalDebug|x86.Build.0 = Debug|Win32
		{254F3EE5-F2BB-48BE-8082-3E77F2F91DEE}.Debug|x64.ActiveCfg = Debug|x64
		{254F3EE5-F2BB-48BE-8082-3E77F2F91DEE}.Debug|x64.Build.0 = Debug|x64
		{254F3EE5-F2BB-48BE-8082-3E77F2F91DEE}.Debug|x86.ActiveCfg = Debug|Win32
		{254F3EE5-F2BB-48BE-8082-3E77F2F91DEE}.Debug|x86.Build.0 = Debug|Win32
		{254F3EE5-F2BB-48BE-8082-3E77F2F91DEE}.Release|x64.ActiveCfg = Release|x64
		{254F3EE5-F2BB-48BE-8082-3E77F2F91DEE}.Release|x64.Build.0 = Release|x64
		{254F3EE5-F2BB-48BE-8082-3E77F2F91DEE}.Release|x86.ActiveCfg = Release|Win32
		{254F3EE5-F2BB-48BE-8082-3E77F2F91DEE}.Release|x86.Build.0 = Release|Win32
		{254F3EE5-F2BB-48BE-8082-3E77F2F91DEE}.Universal|x64.ActiveCfg = Release|x64
		{254F3EE5-F2BB-48BE-8082-3E77F2F91DEE}.Universal|x64.Build.0 = Release|x64
		{254F3EE5-F2BB-48BE-8082-3E77F2F91DEE}.Universal|x86.ActiveCfg = Release|Win32
		{254F3EE5-F2BB-48BE-8082-3E77F2F91DEE}.Universal|x86.Build.0 = Release|Win32
		{254F3EE5-F2BB-48BE-8082-3E77F2F91DEE}.UniversalDebug|x64.ActiveCfg = Debug|x64
		{254F3EE5-F2BB-48BE-8082-3E77F2F91DEE}.UniversalDebug|x64.Build.0 = Debug|x64
		{254F3EE5-F2BB-48BE-8082-3E77F2F91DEE}.UniversalDebug|x86.ActiveCfg = Debug|Win32
		{254F3EE5-F2BB-48BE-8082-3E77F2F91DEE}.UniversalDebug|x86.Build.0 = Debug|Win32
		{CE6A6063-1B5F-48F9-9F0F-C7AFE50E5B25}.Debug|x64.ActiveCfg = Debug|x64
		{CE6A6063-1B5F-48F9-9F0F-C7AFE50E5B25}.Debug|x64.Build.0 = Debug|x64
		{CE6A6063-1B5F-48F9-9F0F-C7AFE50E5B25}.Debug|x86.ActiveCfg = Debug|Win32
		{CE6A6063-1B5F-48F9-9F0F-C7AFE50E5B25}.Debug|x86.Build.0 = Debug|Win32
		{CE6A6063-1B5F-48F9-9F0F-C7AFE50E5B25}.Release|x64.ActiveCfg = Release|x64
		{CE6A6063-1B5F-48F9-9F0F-C7AFE50E5B25}.Release|x64.Build.0 = Release|x64
		{CE6A6063-1B5F-48F9-9F0F-C7AFE50E5B25}.Release|x86.ActiveCfg = Release|Win32
		{CE6A6063-1B5F-48F9-9F0F-C7AFE50E5B25}.Release|x86.Build.0 = Release|Win32
		{CE6A6063-1B5F-48F9-9F0F-C7AFE50E5B25}.Universal|x64.ActiveCfg = Release|x64
		{CE6A6063-1B5F-48F9-9F0F-C7AFE50E5B25}.Universal|x64.Build.0 = Release|x64
		{CE6A6063-1B5F-48F9-9F0F-C7AFE50E5B25}.Universal|x86.ActiveCfg = Release|Win32
		{CE6A6063-1B5F-48F9-9F0F-C7AFE50E5B25}.Universal|x86.Build.0 = Release|Win32
		{CE6A6063-1B5F-48F9-9F0F-C7AFE50E5B25}.UniversalDebug|x64.ActiveCfg = Debug|x64
		{CE6A6063-1B5F-48F9-9F0F-C7AFE50E5B25}.UniversalDebug|x64.Build.0 = Debug|x64
		{CE6A6063-1B5F-48F9-9F0F-C7AFE50E5B25}.UniversalDebug|x86.ActiveCfg = Debug|Win32
		{CE6A6063-1B5F-48F9-9F0F-C7AFE50E5B25}.UniversalDebug|x86.Build.0 = Debug|Win32
		{8239AE3C-59FC-4C3B-A55A-662BD0C73D81}.Debug|x64.ActiveCfg = Debug|x64
		{8239AE3C-59FC-4C3B-A55A-662BD0C73D81}.Debug|x64.Build.0 = Debug|x64
		{8239AE3C-59FC-4C3B-A55A-662BD0C73D81}.Debug|x86.ActiveCfg = Debug|Win32
		{8239AE3C-59FC-4C3B-A55A-662BD0C73D81}.Debug|x86.Build.0 = Debug|Win32
		{8239AE3C-59FC-4C3B-A55A-662BD0C73D81}.Release|x64.ActiveCfg = Release|x64
		{8239AE3C-59FC-4C3B-A55A-662BD0C73D81}.Release|x64.Build.0 = Release|x64
		{8239AE3C-59FC-4C3B-A55A-662BD0C73D81}.Release|x86.ActiveCfg = Release|Win32
		{8239AE3C-59FC-4C3B-A55A-662BD0C73D81}.Release|x86.Build.0 = Release|Win32
		{8239AE3C-59FC-4C3B-A55A-662BD0C73D81}.Universal|x64.ActiveCfg = Release|x64
		{8239AE3C-59FC-4C3B-A55A-662BD0C73D81}.Universal|x64.Build.0 = Release|x64
		{8239AE3C-59FC-4C3B-A55A-662BD0C73D81}.Universal|x86.ActiveCfg = Release|Win32
		{8239AE3C-59FC-4C3B-A55A-662BD0C73D81}.Universal|x86.Build.0 = Release|Win32
		{8239AE3C-59FC-4C3B-A55A-662BD0C73D81}.UniversalDebug|x64.ActiveCfg = Debug|x64
		{8239AE3C-59FC-4C3B-A55A-662BD0C73D81}.UniversalDebug|x64.Build.0 = Debug|x64
		{8239AE3C-59FC-4C3B-A55A-662BD0C73D81}.UniversalDebug|x86.ActiveCfg = Debug|Win32
		{8239AE3C-59FC-4C3B-A55A-662BD0C73D81}.UniversalDebug|x86.Build.0 = Debug|Win32
		{2B7A9000-AEC5-4FD6-8F9C-A02C3C156A63}.Debug|x64.ActiveCfg = Debug|x64
		{2B7A9000-AEC5-4FD6-8F9C-A02C3C156A63}.Debug|x64.Build.0 = Debug|x64
		{2B7A9000-AEC5-4FD6-8F9C-A02C3C156A63}.Debug|x86.ActiveCfg = Debug|Win32
		{2B7A9000-AEC5-4FD6-8F9C-A02C3C156A63}.Debug|x86.Build.0 = Debug|Win32
		{2B7A9000-AEC5-4FD6-8F9C-A02C3C156A63}.Release|x64.ActiveCfg = Release|x64
		{2B7A9000-AEC5-4FD6-8F9C-A02C3C156A63}.Release|x64.Build.0 = Release|x64
		{2B7A9000-AEC5-4FD6-8F9C-A02C3C156A63}.Release|x86.ActiveCfg = Release|Win32
		{2B7A9000-AEC5-4FD6-8F9C-A02C3C156A63}.Release|x86.Build.0 = Release|Win32
		{2B7A9000-AEC5-4FD6-8F9C-A02C3C156A63}.Universal|x64.ActiveCfg = Release|x64
		{2B7A9000-AEC5-4FD6-8F9C-A02C3C156A63}.Universal|x64.Build.0 = Release|x64
		{2B7A9000-AEC5-4FD6-8F9C-A02C3C156A63}.Universal|x86.ActiveCfg = Release|Win32
		{2B7A9000-AEC5-4FD6-8F9C-A02C3C156A63}.Universal|x86.Build.0 = Release|Win32
		{2B7A9000-AEC5-4FD6-8F9C-A02C3C156A63}.UniversalDebug|x64.ActiveCfg = Debug|x64
		{2B7A9000-AEC5-4FD6-8F9C-A02C3C156A63}.UniversalDebug|x64.Build.0 = Debug|x64
		{2B7A9000-AEC5-4FD6-8F9C-A02C3C156A63}.UniversalDebug|x86.ActiveCfg = Debug|Win32
		{2B7A9000-AEC5-4FD6-8F9C-A02C3C156A63}.UniversalDebug|x86.Build.0 = Debug|Win32
		{9A9F9588-2D71-4A6A-8FE7-9CB1EB991144}.Debug|x64.ActiveCfg = Debug|x64
		{9A9F9588-2D71-4A6A-8FE7-9CB1EB991144}.Debug|x64.Build.0 = Debug|x64
		{9A9F9588-2D71-4A6A-8FE7-9CB1EB991144}.Debug|x86.ActiveCfg = Debug|Win32
		{9A9F9588-2D71-4A6A-8FE7-9CB1EB991144}.Debug|x86.Build.0 = Debug|Win32
		{9A9F9588-2D71-4A6A-8FE7-9CB1EB991144}.Release|x64.ActiveCfg = Release|x64
		{9A9F9588-2D71-4A6A-8FE7-9CB1EB991144}.Release|x64.Build.0 = Release|x64
		{9A9F9588-2D71-4A6A-8FE7-9CB1EB991144}.Release|x86.ActiveCfg = Release|Win32
		{9A9F9588-2D71-4A6A-8FE7-9CB1EB991144}.Release|x86.Build.0 = Release|Win32
		{9A9F9588-2D71-4A6A-8FE7-9CB1EB991144}.Universal|x64.ActiveCfg = Release|x64
		{9A9F9588-2D71-4A6A-8FE7-9CB1EB991144}.Universal|x64.Build.0 = Release|x64
		{9A9F9588-2D71-4A6A-8FE7-9CB1EB991144}.Universal|x86.ActiveCfg = Release|Win32
		{9A9F9588-2D71-4A6A-8FE7-9CB1EB991144}.Universal|x86.Build.0 = Release|Win32
		{9A9F9588-2D71-4A6A-8FE7-9CB1EB991144}.UniversalDebug|x64.ActiveCfg = Debug|x64
		{9A9F9588-2D71-4A6A-8FE7-9CB1EB991144}.UniversalDebug|x64.Build.0 = Debug|x64
		{9A9F9588-2D71-4A6A-8FE7-9CB1EB991144}.UniversalDebug|x86.ActiveCfg = Debug|Win32
		{9A9F9588-2D71-4A6A-8FE7-9CB1EB991144}.UniversalDebug|x86.Build.0 = Debug|Win32
	EndGlobalSection
	GlobalSection(SolutionProperties) = preSolution
		HideSolutionNode = FALSE
	EndGlobalSection
EndGlobal
