<?xml version="1.0" encoding="utf-8"?>
<Project ToolsVersion="4.0" xmlns="http://schemas.microsoft.com/developer/msbuild/2003">
  <ItemGroup>
    <Filter Include="Meta">
      <UniqueIdentifier>{e460dfd8-2689-4ea3-baee-c61d2bf53ed5}</UniqueIdentifier>
    </Filter>
  </ItemGroup>
  <ItemGroup>
    <ClCompile Include="Meta\Field.cpp">
      <Filter>Meta</Filter>
    </ClCompile>
    <ClCompile Include="Metaclass.cpp" />
  </ItemGroup>
  <ItemGroup>
    <ClInclude Include="Meta\Field.h">
      <Filter>Meta</Filter>
    </ClInclude>
    <ClInclude Include="Meta\Primitives.h">
      <Filter>Meta</Filter>
    </ClInclude>
    <ClInclude Include="ReflectionAPI.h" />
    <ClInclude Include="Meta\Utilities.h">
      <Filter>Meta</Filter>
    </ClInclude>
    <ClInclude Include="Metaclass.h" />
    <ClInclude Include="Meta\Class.h">
      <Filter>Meta</Filter>
    </ClInclude>
    <ClInclude Include="Meta\Header.h" />
    <ClInclude Include="Meta\String.h">
      <Filter>Meta</Filter>
    </ClInclude>
  </ItemGroup>
</Project>