<?xml version="1.0" encoding="utf-8"?>
<Project ToolsVersion="4.0" xmlns="http://schemas.microsoft.com/developer/msbuild/2003">
  <ItemGroup>
    <Filter Include="Storage">
      <UniqueIdentifier>{22ece7d0-0c68-4d9a-b39f-952666944f7f}</UniqueIdentifier>
    </Filter>
    <Filter Include="Execution">
      <UniqueIdentifier>{57c7b207-204c-4edd-8546-648bb6ce8f4e}</UniqueIdentifier>
    </Filter>
    <Filter Include="Interfaces">
      <UniqueIdentifier>{c8aea379-8636-4dd0-b7fc-1ba83d45bb12}</UniqueIdentifier>
    </Filter>
    <Filter Include="Compiler">
      <UniqueIdentifier>{b8ea2b5a-d94c-4e7e-969d-11339dd9558b}</UniqueIdentifier>
    </Filter>
    <Filter Include="Primitives">
      <UniqueIdentifier>{0fa0d538-0338-4301-b775-2cbd0678d272}</UniqueIdentifier>
    </Filter>
  </ItemGroup>
  <ItemGroup>
    <ClCompile Include="VirtualMachine.cpp" />
    <ClCompile Include="Storage\VirtualProperty.cpp">
      <Filter>Storage</Filter>
    </ClCompile>
    <ClCompile Include="Storage\VirtualMemory.cpp">
      <Filter>Storage</Filter>
    </ClCompile>
    <ClCompile Include="Storage\VirtualWorkspace.cpp">
      <Filter>Storage</Filter>
    </ClCompile>
    <ClCompile Include="Storage\StringLibrary.cpp">
      <Filter>Storage</Filter>
    </ClCompile>
    <ClCompile Include="Storage\VirtualClass.cpp">
      <Filter>Storage</Filter>
    </ClCompile>
    <ClCompile Include="Storage\VirtualVariable.cpp">
      <Filter>Storage</Filter>
    </ClCompile>
  </ItemGroup>
  <ItemGroup>
    <ClInclude Include="VirtualMachine.h" />
    <ClInclude Include="Storage\VirtualProperty.h">
      <Filter>Storage</Filter>
    </ClInclude>
    <ClInclude Include="Execution\Instructions.h">
      <Filter>Execution</Filter>
    </ClInclude>
    <ClInclude Include="VMAPI.h" />
    <ClInclude Include="Interfaces\IVirtualData.h">
      <Filter>Interfaces</Filter>
    </ClInclude>
    <ClInclude Include="Storage\VirtualMemory.h">
      <Filter>Storage</Filter>
    </ClInclude>
    <ClInclude Include="Storage\VirtualWorkspace.h">
      <Filter>Storage</Filter>
    </ClInclude>
    <ClInclude Include="Storage\StringLibrary.h">
      <Filter>Storage</Filter>
    </ClInclude>
    <ClInclude Include="Storage\VirtualClass.h">
      <Filter>Storage</Filter>
    </ClInclude>
    <ClInclude Include="Execution\Functions.h">
      <Filter>Execution</Filter>
    </ClInclude>
    <ClInclude Include="Execution\Classes.h">
      <Filter>Execution</Filter>
    </ClInclude>
    <ClInclude Include="Storage\VirtualVariable.h">
      <Filter>Storage</Filter>
    </ClInclude>
  </ItemGroup>
  <ItemGroup>
    <None Include="Execution\Classes.coffee">
      <Filter>Execution</Filter>
    </None>
  </ItemGroup>
</Project>