<?xml version="1.0" encoding="utf-8"?>
<Project ToolsVersion="4.0" xmlns="http://schemas.microsoft.com/developer/msbuild/2003">
  <ItemGroup>
    <Filter Include="Storage">
      <UniqueIdentifier>{22ece7d0-0c68-4d9a-b39f-952666944f7f}</UniqueIdentifier>
    </Filter>
    <Filter Include="Execution">
      <UniqueIdentifier>{57c7b207-204c-4edd-8546-648bb6ce8f4e}</UniqueIdentifier>
    </Filter>
    <Filter Include="Interfaces">
      <UniqueIdentifier>{c8aea379-8636-4dd0-b7fc-1ba83d45bb12}</UniqueIdentifier>
    </Filter>
    <Filter Include="Compiler">
      <UniqueIdentifier>{b8ea2b5a-d94c-4e7e-969d-11339dd9558b}</UniqueIdentifier>
    </Filter>
    <Filter Include="Primitives">
      <UniqueIdentifier>{0fa0d538-0338-4301-b775-2cbd0678d272}</UniqueIdentifier>
    </Filter>
    <Filter Include="Virtual">
      <UniqueIdentifier>{79077515-5828-41c6-bd65-b4ea5ce24ca7}</UniqueIdentifier>
    </Filter>
  </ItemGroup>
  <ItemGroup>
    <ClCompile Include="VirtualMachine.cpp" />
    <ClCompile Include="Storage\StringLibrary.cpp">
      <Filter>Storage</Filter>
    </ClCompile>
    <ClCompile Include="Virtual\Class.cpp">
      <Filter>Virtual</Filter>
    </ClCompile>
    <ClCompile Include="Virtual\Property.cpp">
      <Filter>Virtual</Filter>
    </ClCompile>
    <ClCompile Include="Virtual\Machine.cpp">
      <Filter>Virtual</Filter>
    </ClCompile>
    <ClCompile Include="Virtual\Memory.cpp">
      <Filter>Virtual</Filter>
    </ClCompile>
    <ClCompile Include="Primitives\NumericTypes.cpp">
      <Filter>Primitives</Filter>
    </ClCompile>
    <ClCompile Include="Primitives\Number.cpp">
      <Filter>Primitives</Filter>
    </ClCompile>
    <ClCompile Include="Storage\StackFrame.cpp">
      <Filter>Storage</Filter>
    </ClCompile>
    <ClCompile Include="Storage\Reference.cpp">
      <Filter>Storage</Filter>
    </ClCompile>
    <ClCompile Include="Primitives\Array.cpp">
      <Filter>Primitives</Filter>
    </ClCompile>
    <ClCompile Include="Virtual\Function.cpp">
      <Filter>Virtual</Filter>
    </ClCompile>
  </ItemGroup>
  <ItemGroup>
    <ClInclude Include="VirtualMachine.h" />
    <ClInclude Include="Execution\Instructions.h">
      <Filter>Execution</Filter>
    </ClInclude>
    <ClInclude Include="VMAPI.h" />
    <ClInclude Include="Interfaces\IVirtualData.h">
      <Filter>Interfaces</Filter>
    </ClInclude>
    <ClInclude Include="Storage\StringLibrary.h">
      <Filter>Storage</Filter>
    </ClInclude>
    <ClInclude Include="Virtual\Class.h">
      <Filter>Virtual</Filter>
    </ClInclude>
    <ClInclude Include="Virtual\Property.h">
      <Filter>Virtual</Filter>
    </ClInclude>
    <ClInclude Include="Execution\Shorthand.h">
      <Filter>Execution</Filter>
    </ClInclude>
    <ClInclude Include="Virtual\Machine.h">
      <Filter>Virtual</Filter>
    </ClInclude>
    <ClInclude Include="Storage\StackFrame.h">
      <Filter>Storage</Filter>
    </ClInclude>
    <ClInclude Include="Virtual\Memory.h">
      <Filter>Virtual</Filter>
    </ClInclude>
    <ClInclude Include="Virtual\Function.h">
      <Filter>Virtual</Filter>
    </ClInclude>
    <ClInclude Include="Primitives\NumericTypes.h">
      <Filter>Primitives</Filter>
    </ClInclude>
    <ClInclude Include="Primitives\Number.h">
      <Filter>Primitives</Filter>
    </ClInclude>
    <ClInclude Include="Storage\Reference.h">
      <Filter>Storage</Filter>
    </ClInclude>
    <ClInclude Include="Primitives\Array.h">
      <Filter>Primitives</Filter>
    </ClInclude>
    <ClInclude Include="Storage\Program.h">
      <Filter>Storage</Filter>
    </ClInclude>
  </ItemGroup>
</Project>