<?xml version="1.0" encoding="utf-8"?>
<Project ToolsVersion="4.0" xmlns="http://schemas.microsoft.com/developer/msbuild/2003">
  <ItemGroup>
    <ClInclude Include="EnumerationsGL.h" />
    <ClInclude Include="Interfaces\IBindable.h">
      <Filter>Interfaces</Filter>
    </ClInclude>
    <ClInclude Include="Interfaces\IRenderable.h">
      <Filter>Interfaces</Filter>
    </ClInclude>
    <ClInclude Include="Buffers\FrameBuffer.h">
      <Filter>Buffers</Filter>
    </ClInclude>
    <ClInclude Include="Buffers\GraphicsBuffer.h">
      <Filter>Buffers</Filter>
    </ClInclude>
    <ClInclude Include="Buffers\UniformBuffer.h">
      <Filter>Buffers</Filter>
    </ClInclude>
    <ClInclude Include="Buffers\UniformBuffers.h">
      <Filter>Buffers</Filter>
    </ClInclude>
    <ClInclude Include="Buffers\VertexBuffer.h">
      <Filter>Buffers</Filter>
    </ClInclude>
    <ClInclude Include="Textures\Texture.h">
      <Filter>Textures</Filter>
    </ClInclude>
    <ClInclude Include="Textures\Texture2D.h">
      <Filter>Textures</Filter>
    </ClInclude>
    <ClInclude Include="Textures\TextureSampler.h">
      <Filter>Textures</Filter>
    </ClInclude>
    <ClInclude Include="Pipelines\GraphicsPipeline.h">
      <Filter>Pipelines</Filter>
    </ClInclude>
    <ClInclude Include="Pipelines\ShaderPipeline.h">
      <Filter>Pipelines</Filter>
    </ClInclude>
    <ClInclude Include="OpenGLAPI.h" />
    <ClInclude Include="Pipelines\Shader.h">
      <Filter>Pipelines</Filter>
    </ClInclude>
    <ClInclude Include="..\CoreGL\GL\OpenGL.h">
      <Filter>GL</Filter>
    </ClInclude>
    <ClInclude Include="Primitives\Entity3D.h">
      <Filter>Primitives</Filter>
    </ClInclude>
    <ClInclude Include="Primitives\Point3D.h">
      <Filter>Primitives</Filter>
    </ClInclude>
    <ClInclude Include="Primitives\Quad.h">
      <Filter>Primitives</Filter>
    </ClInclude>
  </ItemGroup>
  <ItemGroup>
    <ClCompile Include="Buffers\FrameBuffer.cpp">
      <Filter>Buffers</Filter>
    </ClCompile>
    <ClCompile Include="Buffers\VertexBuffer.cpp">
      <Filter>Buffers</Filter>
    </ClCompile>
    <ClCompile Include="Textures\Texture.cpp">
      <Filter>Textures</Filter>
    </ClCompile>
    <ClCompile Include="Textures\Texture2D.cpp">
      <Filter>Textures</Filter>
    </ClCompile>
    <ClCompile Include="Textures\TextureSampler.cpp">
      <Filter>Textures</Filter>
    </ClCompile>
    <ClCompile Include="Pipelines\ShaderPipeline.cpp">
      <Filter>Pipelines</Filter>
    </ClCompile>
    <ClCompile Include="Pipelines\Shader.cpp">
      <Filter>Pipelines</Filter>
    </ClCompile>
    <ClCompile Include="Pipelines\GraphicsPipeline.cpp">
      <Filter>Pipelines</Filter>
    </ClCompile>
    <ClCompile Include="..\CoreGL\GL\OpenGL.c">
      <Filter>GL</Filter>
    </ClCompile>
  </ItemGroup>
  <ItemGroup>
    <Filter Include="Interfaces">
      <UniqueIdentifier>{658f9a7d-b7a4-42ae-81de-ba59a44d4a40}</UniqueIdentifier>
    </Filter>
    <Filter Include="Shaders">
      <UniqueIdentifier>{1d4fe94f-631a-44ef-a5ce-d9b7256aae2e}</UniqueIdentifier>
    </Filter>
    <Filter Include="Buffers">
      <UniqueIdentifier>{8a00803a-324e-45d1-a4cc-a86690b417b5}</UniqueIdentifier>
    </Filter>
    <Filter Include="Pipelines">
      <UniqueIdentifier>{9885bb7f-01db-4b7e-b40c-5bfa1e1acc4d}</UniqueIdentifier>
    </Filter>
    <Filter Include="Textures">
      <UniqueIdentifier>{821948ac-5b1a-428e-aa82-665cba1ed961}</UniqueIdentifier>
    </Filter>
    <Filter Include="Primitives">
      <UniqueIdentifier>{2d05a31c-b066-46f0-9eac-9aa4b599bb67}</UniqueIdentifier>
    </Filter>
    <Filter Include="GL">
      <UniqueIdentifier>{b7499290-a0e5-4b8b-abf4-ed711f7c13ce}</UniqueIdentifier>
    </Filter>
  </ItemGroup>
  <ItemGroup>
    <None Include="Shaders\Default.hsl">
      <Filter>Shaders</Filter>
    </None>
    <None Include="Shaders\Default.psl">
      <Filter>Shaders</Filter>
    </None>
    <None Include="Shaders\Default.vsl">
      <Filter>Shaders</Filter>
    </None>
    <None Include="Shaders\FBO.psl">
      <Filter>Shaders</Filter>
    </None>
    <None Include="Shaders\FBO.vsl">
      <Filter>Shaders</Filter>
    </None>
    <None Include="Shaders\Occlusion.psl">
      <Filter>Shaders</Filter>
    </None>
    <None Include="Shaders\Occlusion.vsl">
      <Filter>Shaders</Filter>
    </None>
  </ItemGroup>
</Project>