<?xml version="1.0" encoding="utf-8"?>
<Project ToolsVersion="4.0" xmlns="http://schemas.microsoft.com/developer/msbuild/2003">
  <ItemGroup>
    <ClInclude Include="EnumerationsGL.h" />
    <ClInclude Include="Interfaces\IBindable.h">
      <Filter>Interfaces</Filter>
    </ClInclude>
    <ClInclude Include="Interfaces\IRenderable.h">
      <Filter>Interfaces</Filter>
    </ClInclude>
    <ClInclude Include="Buffers\FrameBuffer.h">
      <Filter>Buffers</Filter>
    </ClInclude>
    <ClInclude Include="Buffers\GraphicsBuffer.h">
      <Filter>Buffers</Filter>
    </ClInclude>
    <ClInclude Include="Buffers\UniformBuffer.h">
      <Filter>Buffers</Filter>
    </ClInclude>
    <ClInclude Include="Buffers\VertexBuffer.h">
      <Filter>Buffers</Filter>
    </ClInclude>
    <ClInclude Include="Textures\Texture.h">
      <Filter>Textures</Filter>
    </ClInclude>
    <ClInclude Include="Textures\Texture2D.h">
      <Filter>Textures</Filter>
    </ClInclude>
    <ClInclude Include="Textures\TextureSampler.h">
      <Filter>Textures</Filter>
    </ClInclude>
    <ClInclude Include="Pipelines\GraphicsPipeline.h">
      <Filter>Pipelines</Filter>
    </ClInclude>
    <ClInclude Include="Pipelines\ShaderPipeline.h">
      <Filter>Pipelines</Filter>
    </ClInclude>
    <ClInclude Include="Pipelines\Shader.h">
      <Filter>Pipelines</Filter>
    </ClInclude>
    <ClInclude Include="..\CoreGL\GL\OpenGL.h">
      <Filter>GL</Filter>
    </ClInclude>
    <ClInclude Include="Buffers\UniformMap.h">
      <Filter>Buffers</Filter>
    </ClInclude>
    <ClInclude Include="Buffers\UniformData.h">
      <Filter>Buffers</Filter>
    </ClInclude>
    <ClInclude Include="Buffers\CommandBuffer.h">
      <Filter>Buffers</Filter>
    </ClInclude>
    <ClInclude Include="Buffers\MapBuffer.h">
      <Filter>Buffers</Filter>
    </ClInclude>
    <ClInclude Include="Geometry\Entity3D.h">
      <Filter>Geometry</Filter>
    </ClInclude>
    <ClInclude Include="Geometry\Mesh3D.h">
      <Filter>Geometry</Filter>
    </ClInclude>
    <ClInclude Include="Geometry\Point3D.h">
      <Filter>Geometry</Filter>
    </ClInclude>
    <ClInclude Include="Buffers\ArrayBuffer.h">
      <Filter>Buffers</Filter>
    </ClInclude>
    <ClInclude Include="Interfaces\IVertex.h">
      <Filter>Interfaces</Filter>
    </ClInclude>
    <ClInclude Include="Geometry\Vertex.h">
      <Filter>Geometry</Filter>
    </ClInclude>
    <ClInclude Include="Interfaces\IGraphicsBuffer.h">
      <Filter>Interfaces</Filter>
    </ClInclude>
    <ClInclude Include="Buffers\VertexArray.h">
      <Filter>Buffers</Filter>
    </ClInclude>
    <ClInclude Include="Buffers\IndexBuffer.h">
      <Filter>Buffers</Filter>
    </ClInclude>
    <ClInclude Include="Pipelines\ComputePipeline.h">
      <Filter>Pipelines</Filter>
    </ClInclude>
    <ClInclude Include="GraphicsSettings.h" />
    <ClInclude Include="Interfaces\IRenderStage.h">
      <Filter>Interfaces</Filter>
    </ClInclude>
    <ClInclude Include="Textures\GradientTexture.h">
      <Filter>Textures</Filter>
    </ClInclude>
    <ClInclude Include="Libraries\ResourceLibrary.h">
      <Filter>Libraries</Filter>
    </ClInclude>
    <ClInclude Include="Buffers\RegistryBuffer.h">
      <Filter>Buffers</Filter>
    </ClInclude>
    <ClInclude Include="Libraries\Material3D.h">
      <Filter>Libraries</Filter>
    </ClInclude>
    <ClInclude Include="Interfaces\IMaterial.h">
      <Filter>Interfaces</Filter>
    </ClInclude>
    <ClInclude Include="Geometry\Geometry3D.h">
      <Filter>Geometry</Filter>
    </ClInclude>
    <ClInclude Include="Interfaces\IGeometric.h">
      <Filter>Interfaces</Filter>
    </ClInclude>
    <ClInclude Include="Scenes\Scene3D.h">
      <Filter>Scenes</Filter>
    </ClInclude>
    <ClInclude Include="Scenes\SceneLayer3D.h">
      <Filter>Scenes</Filter>
    </ClInclude>
    <ClInclude Include="Interfaces\IScene.h">
      <Filter>Interfaces</Filter>
    </ClInclude>
    <ClInclude Include="Scenes\SceneComponent3D.h">
      <Filter>Scenes</Filter>
    </ClInclude>
    <ClInclude Include="Pipelines\RenderStage.h">
      <Filter>Pipelines</Filter>
    </ClInclude>
    <ClInclude Include="Pipelines\RenderStage3D.h">
      <Filter>Pipelines</Filter>
    </ClInclude>
    <ClInclude Include="Scenes\SceneComponent.h">
      <Filter>Scenes</Filter>
    </ClInclude>
    <ClInclude Include="Interfaces\ITransformable.h">
      <Filter>Interfaces</Filter>
    </ClInclude>
    <ClInclude Include="Geometry\Transform3D.h">
      <Filter>Geometry</Filter>
    </ClInclude>
  </ItemGroup>
  <ItemGroup>
    <ClCompile Include="Buffers\FrameBuffer.cpp">
      <Filter>Buffers</Filter>
    </ClCompile>
    <ClCompile Include="Textures\Texture.cpp">
      <Filter>Textures</Filter>
    </ClCompile>
    <ClCompile Include="Textures\Texture2D.cpp">
      <Filter>Textures</Filter>
    </ClCompile>
    <ClCompile Include="Textures\TextureSampler.cpp">
      <Filter>Textures</Filter>
    </ClCompile>
    <ClCompile Include="Pipelines\ShaderPipeline.cpp">
      <Filter>Pipelines</Filter>
    </ClCompile>
    <ClCompile Include="Pipelines\Shader.cpp">
      <Filter>Pipelines</Filter>
    </ClCompile>
    <ClCompile Include="Pipelines\GraphicsPipeline.cpp">
      <Filter>Pipelines</Filter>
    </ClCompile>
    <ClCompile Include="..\CoreGL\GL\OpenGL.c">
      <Filter>GL</Filter>
    </ClCompile>
    <ClCompile Include="Buffers\GraphicsBuffer.cpp">
      <Filter>Buffers</Filter>
    </ClCompile>
    <ClCompile Include="Buffers\CommandBuffer.cpp">
      <Filter>Buffers</Filter>
    </ClCompile>
    <ClCompile Include="Geometry\Point3D.cpp">
      <Filter>Geometry</Filter>
    </ClCompile>
    <ClCompile Include="Buffers\VertexArray.cpp">
      <Filter>Buffers</Filter>
    </ClCompile>
    <ClCompile Include="Pipelines\ComputePipeline.cpp">
      <Filter>Pipelines</Filter>
    </ClCompile>
    <ClCompile Include="Textures\GradientTexture.cpp">
      <Filter>Textures</Filter>
    </ClCompile>
    <ClCompile Include="Geometry\Geometry3D.cpp">
      <Filter>Geometry</Filter>
    </ClCompile>
    <ClCompile Include="Scenes\Scene3D.cpp">
      <Filter>Scenes</Filter>
    </ClCompile>
    <ClCompile Include="Scenes\SceneLayer3D.cpp">
      <Filter>Scenes</Filter>
    </ClCompile>
    <ClCompile Include="Pipelines\RenderStage.cpp">
      <Filter>Pipelines</Filter>
    </ClCompile>
    <ClCompile Include="Pipelines\RenderStage3D.cpp">
      <Filter>Pipelines</Filter>
    </ClCompile>
    <ClCompile Include="Scenes\SceneComponent3D.cpp">
      <Filter>Scenes</Filter>
    </ClCompile>
    <ClCompile Include="Scenes\SceneComponent.cpp">
      <Filter>Scenes</Filter>
    </ClCompile>
    <ClCompile Include="Geometry\Mesh3D.cpp">
      <Filter>Geometry</Filter>
    </ClCompile>
  </ItemGroup>
  <ItemGroup>
    <Filter Include="Interfaces">
      <UniqueIdentifier>{658f9a7d-b7a4-42ae-81de-ba59a44d4a40}</UniqueIdentifier>
    </Filter>
    <Filter Include="Shaders">
      <UniqueIdentifier>{1d4fe94f-631a-44ef-a5ce-d9b7256aae2e}</UniqueIdentifier>
    </Filter>
    <Filter Include="Buffers">
      <UniqueIdentifier>{8a00803a-324e-45d1-a4cc-a86690b417b5}</UniqueIdentifier>
    </Filter>
    <Filter Include="Pipelines">
      <UniqueIdentifier>{9885bb7f-01db-4b7e-b40c-5bfa1e1acc4d}</UniqueIdentifier>
    </Filter>
    <Filter Include="Textures">
      <UniqueIdentifier>{821948ac-5b1a-428e-aa82-665cba1ed961}</UniqueIdentifier>
    </Filter>
    <Filter Include="GL">
      <UniqueIdentifier>{b7499290-a0e5-4b8b-abf4-ed711f7c13ce}</UniqueIdentifier>
    </Filter>
    <Filter Include="Geometry">
      <UniqueIdentifier>{2d05a31c-b066-46f0-9eac-9aa4b599bb67}</UniqueIdentifier>
    </Filter>
    <Filter Include="Libraries">
      <UniqueIdentifier>{9789cb84-c487-45ae-8eef-510390c6e0e6}</UniqueIdentifier>
    </Filter>
    <Filter Include="Scenes">
      <UniqueIdentifier>{f9bd0721-10e0-4621-8413-9203fa719a4b}</UniqueIdentifier>
    </Filter>
  </ItemGroup>
  <ItemGroup>
    <None Include="Shaders\Default.hsl">
      <Filter>Shaders</Filter>
    </None>
    <None Include="Shaders\Default.psl">
      <Filter>Shaders</Filter>
    </None>
    <None Include="Shaders\Default.vsl">
      <Filter>Shaders</Filter>
    </None>
    <None Include="Shaders\FBO.psl">
      <Filter>Shaders</Filter>
    </None>
    <None Include="Shaders\FBO.vsl">
      <Filter>Shaders</Filter>
    </None>
    <None Include="Shaders\Occlusion.psl">
      <Filter>Shaders</Filter>
    </None>
    <None Include="Shaders\Occlusion.vsl">
      <Filter>Shaders</Filter>
    </None>
    <None Include="ClassDiagram.cd" />
  </ItemGroup>
</Project>